
Microsoft Visual Studio Solution File, Format Version 12.00
# Visual Studio Version 16
VisualStudioVersion = 16.0.32413.511
MinimumVisualStudioVersion = 10.0.40219.1
Project("{FAE04EC0-301F-11D3-BF4B-00C04F79EFBC}") = "BusinessLogicLayer", "BusinessLogicLayer\BusinessLogicLayer.csproj", "{104E04C3-3DF3-4C64-B7DE-3A1DE7443F19}"
EndProject
Global
	GlobalSection(SolutionConfigurationPlatforms) = preSolution
		Debug|Any CPU = Debug|Any CPU
		Release|Any CPU = Release|Any CPU
	EndGlobalSection
	GlobalSection(ProjectConfigurationPlatforms) = postSolution
		{104E04C3-3DF3-4C64-B7DE-3A1DE7443F19}.Debug|Any CPU.ActiveCfg = Debug|Any CPU
		{104E04C3-3DF3-4C64-B7DE-3A1DE7443F19}.Debug|Any CPU.Build.0 = Debug|Any CPU
		{104E04C3-3DF3-4C64-B7DE-3A1DE7443F19}.Release|Any CPU.ActiveCfg = Release|Any CPU
		{104E04C3-3DF3-4C64-B7DE-3A1DE7443F19}.Release|Any CPU.Build.0 = Release|Any CPU
	EndGlobalSection
	GlobalSection(SolutionProperties) = preSolution
		HideSolutionNode = FALSE
	EndGlobalSection
	GlobalSection(ExtensibilityGlobals) = postSolution
		SolutionGuid = {047C473B-BD87-4DAD-AB48-14619766CC8D}
	EndGlobalSection
EndGlobal
