
Microsoft Visual Studio Solution File, Format Version 12.00
# Visual Studio Version 17
VisualStudioVersion = 17.0.32126.317
MinimumVisualStudioVersion = 10.0.40219.1
Project("{2150E333-8FDC-42A3-9474-1A3956D46DE8}") = "1.Interface", "1.Interface", "{4617F751-C355-4359-923C-2AC0C8B9613B}"
EndProject
Project("{2150E333-8FDC-42A3-9474-1A3956D46DE8}") = "2.Application", "2.Application", "{D782B080-CA89-473A-A1FC-B9302D866A35}"
EndProject
Project("{2150E333-8FDC-42A3-9474-1A3956D46DE8}") = "3.Domain", "3.Domain", "{D76927C7-B850-47A9-9E35-2ECA6004AC8A}"
EndProject
Project("{2150E333-8FDC-42A3-9474-1A3956D46DE8}") = "4.Infrastructure", "4.Infrastructure", "{61400B3B-5C7F-46A5-A54E-2EF5E040739A}"
EndProject
Project("{FAE04EC0-301F-11D3-BF4B-00C04F79EFBC}") = "Domain.Models", "Domain.Models\Domain.Models.csproj", "{0C8EB89B-BE02-4714-B2E8-0513086E016A}"
EndProject
Project("{FAE04EC0-301F-11D3-BF4B-00C04F79EFBC}") = "Domain.Services", "Domain.Services\Domain.Services.csproj", "{10D7DFAF-1C19-4AB2-9C8A-3B585B29EBA7}"
EndProject
Project("{FAE04EC0-301F-11D3-BF4B-00C04F79EFBC}") = "App.DTO", "App.DTO\App.DTO.csproj", "{DF3CB4B8-9C2D-4555-9B42-AB315419D7A7}"
EndProject
Project("{FAE04EC0-301F-11D3-BF4B-00C04F79EFBC}") = "App.Services", "App.Services\App.Services.csproj", "{BCB0373F-975B-410A-91CF-B1140A001059}"
EndProject
Project("{FAE04EC0-301F-11D3-BF4B-00C04F79EFBC}") = "Infra.CrossCutting", "Infra.CrossCutting\Infra.CrossCutting.csproj", "{29DF7852-5117-4F4C-93CD-1D24050F7DE6}"
EndProject
Project("{FAE04EC0-301F-11D3-BF4B-00C04F79EFBC}") = "Infra.DataAccess", "Infra.DataAccess\Infra.DataAccess.csproj", "{D61D10C3-846F-48F2-AD42-66D38593B767}"
EndProject
Project("{FAE04EC0-301F-11D3-BF4B-00C04F79EFBC}") = "Infra.EmailService", "Infra.EmailService\Infra.EmailService.csproj", "{EAA8E537-1F84-4FA9-9EA7-A61B524A7257}"
EndProject
Project("{FAE04EC0-301F-11D3-BF4B-00C04F79EFBC}") = "Infra.ExternalService", "Infra.ExternalService\Infra.ExternalService.csproj", "{0A80E710-A10A-45C4-A079-6E14944952E6}"
EndProject
Project("{FAE04EC0-301F-11D3-BF4B-00C04F79EFBC}") = "Interface.Desktop", "Interface.Desktop\Interface.Desktop.csproj", "{ADEF2718-B64D-4266-BDB2-1CFFCA1FAAFD}"
EndProject
Project("{FAE04EC0-301F-11D3-BF4B-00C04F79EFBC}") = "Interface.Mobile.Android", "Interface.Mobile\Interface.Mobile.Android\Interface.Mobile.Android.csproj", "{B677FE6E-C61C-4A68-8B64-C105DC7D0FCB}"
EndProject
Project("{FAE04EC0-301F-11D3-BF4B-00C04F79EFBC}") = "Interface.Mobile", "Interface.Mobile\Interface.Mobile\Interface.Mobile.csproj", "{77EEFCC7-DD73-4843-BE03-279FCA93F010}"
EndProject
Project("{FAE04EC0-301F-11D3-BF4B-00C04F79EFBC}") = "Interface.Web", "Interface.Web\Interface.Web.csproj", "{F96B48CE-6328-4B87-84B8-37E696756E81}"
EndProject
Global
	GlobalSection(SolutionConfigurationPlatforms) = preSolution
		Debug|Any CPU = Debug|Any CPU
		Release|Any CPU = Release|Any CPU
	EndGlobalSection
	GlobalSection(ProjectConfigurationPlatforms) = postSolution
		{0C8EB89B-BE02-4714-B2E8-0513086E016A}.Debug|Any CPU.ActiveCfg = Debug|Any CPU
		{0C8EB89B-BE02-4714-B2E8-0513086E016A}.Debug|Any CPU.Build.0 = Debug|Any CPU
		{0C8EB89B-BE02-4714-B2E8-0513086E016A}.Release|Any CPU.ActiveCfg = Release|Any CPU
		{0C8EB89B-BE02-4714-B2E8-0513086E016A}.Release|Any CPU.Build.0 = Release|Any CPU
		{10D7DFAF-1C19-4AB2-9C8A-3B585B29EBA7}.Debug|Any CPU.ActiveCfg = Debug|Any CPU
		{10D7DFAF-1C19-4AB2-9C8A-3B585B29EBA7}.Debug|Any CPU.Build.0 = Debug|Any CPU
		{10D7DFAF-1C19-4AB2-9C8A-3B585B29EBA7}.Release|Any CPU.ActiveCfg = Release|Any CPU
		{10D7DFAF-1C19-4AB2-9C8A-3B585B29EBA7}.Release|Any CPU.Build.0 = Release|Any CPU
		{DF3CB4B8-9C2D-4555-9B42-AB315419D7A7}.Debug|Any CPU.ActiveCfg = Debug|Any CPU
		{DF3CB4B8-9C2D-4555-9B42-AB315419D7A7}.Debug|Any CPU.Build.0 = Debug|Any CPU
		{DF3CB4B8-9C2D-4555-9B42-AB315419D7A7}.Release|Any CPU.ActiveCfg = Release|Any CPU
		{DF3CB4B8-9C2D-4555-9B42-AB315419D7A7}.Release|Any CPU.Build.0 = Release|Any CPU
		{BCB0373F-975B-410A-91CF-B1140A001059}.Debug|Any CPU.ActiveCfg = Debug|Any CPU
		{BCB0373F-975B-410A-91CF-B1140A001059}.Debug|Any CPU.Build.0 = Debug|Any CPU
		{BCB0373F-975B-410A-91CF-B1140A001059}.Release|Any CPU.ActiveCfg = Release|Any CPU
		{BCB0373F-975B-410A-91CF-B1140A001059}.Release|Any CPU.Build.0 = Release|Any CPU
		{29DF7852-5117-4F4C-93CD-1D24050F7DE6}.Debug|Any CPU.ActiveCfg = Debug|Any CPU
		{29DF7852-5117-4F4C-93CD-1D24050F7DE6}.Debug|Any CPU.Build.0 = Debug|Any CPU
		{29DF7852-5117-4F4C-93CD-1D24050F7DE6}.Release|Any CPU.ActiveCfg = Release|Any CPU
		{29DF7852-5117-4F4C-93CD-1D24050F7DE6}.Release|Any CPU.Build.0 = Release|Any CPU
		{D61D10C3-846F-48F2-AD42-66D38593B767}.Debug|Any CPU.ActiveCfg = Debug|Any CPU
		{D61D10C3-846F-48F2-AD42-66D38593B767}.Debug|Any CPU.Build.0 = Debug|Any CPU
		{D61D10C3-846F-48F2-AD42-66D38593B767}.Release|Any CPU.ActiveCfg = Release|Any CPU
		{D61D10C3-846F-48F2-AD42-66D38593B767}.Release|Any CPU.Build.0 = Release|Any CPU
		{EAA8E537-1F84-4FA9-9EA7-A61B524A7257}.Debug|Any CPU.ActiveCfg = Debug|Any CPU
		{EAA8E537-1F84-4FA9-9EA7-A61B524A7257}.Debug|Any CPU.Build.0 = Debug|Any CPU
		{EAA8E537-1F84-4FA9-9EA7-A61B524A7257}.Release|Any CPU.ActiveCfg = Release|Any CPU
		{EAA8E537-1F84-4FA9-9EA7-A61B524A7257}.Release|Any CPU.Build.0 = Release|Any CPU
		{0A80E710-A10A-45C4-A079-6E14944952E6}.Debug|Any CPU.ActiveCfg = Debug|Any CPU
		{0A80E710-A10A-45C4-A079-6E14944952E6}.Debug|Any CPU.Build.0 = Debug|Any CPU
		{0A80E710-A10A-45C4-A079-6E14944952E6}.Release|Any CPU.ActiveCfg = Release|Any CPU
		{0A80E710-A10A-45C4-A079-6E14944952E6}.Release|Any CPU.Build.0 = Release|Any CPU
		{ADEF2718-B64D-4266-BDB2-1CFFCA1FAAFD}.Debug|Any CPU.ActiveCfg = Debug|Any CPU
		{ADEF2718-B64D-4266-BDB2-1CFFCA1FAAFD}.Debug|Any CPU.Build.0 = Debug|Any CPU
		{ADEF2718-B64D-4266-BDB2-1CFFCA1FAAFD}.Release|Any CPU.ActiveCfg = Release|Any CPU
		{ADEF2718-B64D-4266-BDB2-1CFFCA1FAAFD}.Release|Any CPU.Build.0 = Release|Any CPU
		{B677FE6E-C61C-4A68-8B64-C105DC7D0FCB}.Debug|Any CPU.ActiveCfg = Debug|Any CPU
		{B677FE6E-C61C-4A68-8B64-C105DC7D0FCB}.Debug|Any CPU.Build.0 = Debug|Any CPU
		{B677FE6E-C61C-4A68-8B64-C105DC7D0FCB}.Debug|Any CPU.Deploy.0 = Debug|Any CPU
		{B677FE6E-C61C-4A68-8B64-C105DC7D0FCB}.Release|Any CPU.ActiveCfg = Release|Any CPU
		{B677FE6E-C61C-4A68-8B64-C105DC7D0FCB}.Release|Any CPU.Build.0 = Release|Any CPU
		{B677FE6E-C61C-4A68-8B64-C105DC7D0FCB}.Release|Any CPU.Deploy.0 = Release|Any CPU
		{77EEFCC7-DD73-4843-BE03-279FCA93F010}.Debug|Any CPU.ActiveCfg = Debug|Any CPU
		{77EEFCC7-DD73-4843-BE03-279FCA93F010}.Debug|Any CPU.Build.0 = Debug|Any CPU
		{77EEFCC7-DD73-4843-BE03-279FCA93F010}.Release|Any CPU.ActiveCfg = Release|Any CPU
		{77EEFCC7-DD73-4843-BE03-279FCA93F010}.Release|Any CPU.Build.0 = Release|Any CPU
		{F96B48CE-6328-4B87-84B8-37E696756E81}.Debug|Any CPU.ActiveCfg = Debug|Any CPU
		{F96B48CE-6328-4B87-84B8-37E696756E81}.Debug|Any CPU.Build.0 = Debug|Any CPU
		{F96B48CE-6328-4B87-84B8-37E696756E81}.Release|Any CPU.ActiveCfg = Release|Any CPU
		{F96B48CE-6328-4B87-84B8-37E696756E81}.Release|Any CPU.Build.0 = Release|Any CPU
	EndGlobalSection
	GlobalSection(SolutionProperties) = preSolution
		HideSolutionNode = FALSE
	EndGlobalSection
	GlobalSection(NestedProjects) = preSolution
		{0C8EB89B-BE02-4714-B2E8-0513086E016A} = {D76927C7-B850-47A9-9E35-2ECA6004AC8A}
		{10D7DFAF-1C19-4AB2-9C8A-3B585B29EBA7} = {D76927C7-B850-47A9-9E35-2ECA6004AC8A}
		{DF3CB4B8-9C2D-4555-9B42-AB315419D7A7} = {D782B080-CA89-473A-A1FC-B9302D866A35}
		{BCB0373F-975B-410A-91CF-B1140A001059} = {D782B080-CA89-473A-A1FC-B9302D866A35}
		{29DF7852-5117-4F4C-93CD-1D24050F7DE6} = {61400B3B-5C7F-46A5-A54E-2EF5E040739A}
		{D61D10C3-846F-48F2-AD42-66D38593B767} = {61400B3B-5C7F-46A5-A54E-2EF5E040739A}
		{EAA8E537-1F84-4FA9-9EA7-A61B524A7257} = {61400B3B-5C7F-46A5-A54E-2EF5E040739A}
		{0A80E710-A10A-45C4-A079-6E14944952E6} = {61400B3B-5C7F-46A5-A54E-2EF5E040739A}
		{ADEF2718-B64D-4266-BDB2-1CFFCA1FAAFD} = {4617F751-C355-4359-923C-2AC0C8B9613B}
		{B677FE6E-C61C-4A68-8B64-C105DC7D0FCB} = {4617F751-C355-4359-923C-2AC0C8B9613B}
		{77EEFCC7-DD73-4843-BE03-279FCA93F010} = {4617F751-C355-4359-923C-2AC0C8B9613B}
		{F96B48CE-6328-4B87-84B8-37E696756E81} = {4617F751-C355-4359-923C-2AC0C8B9613B}
	EndGlobalSection
	GlobalSection(ExtensibilityGlobals) = postSolution
		SolutionGuid = {E118D854-3A4C-4FC8-BBB9-4EF8EDD580AF}
	EndGlobalSection
EndGlobal
