
Microsoft Visual Studio Solution File, Format Version 12.00
# Visual Studio Version 17
VisualStudioVersion = 17.1.32210.238
MinimumVisualStudioVersion = 10.0.40219.1
Project("{FAE04EC0-301F-11D3-BF4B-00C04F79EFBC}") = "Codelligent", "Codelligent.csproj", "{F438A6EC-AA66-4D2C-ADF9-0AB53CA17C42}"
EndProject
Global
	GlobalSection(SolutionConfigurationPlatforms) = preSolution
		Debug|Any CPU = Debug|Any CPU
		Release|Any CPU = Release|Any CPU
	EndGlobalSection
	GlobalSection(ProjectConfigurationPlatforms) = postSolution
		{F438A6EC-AA66-4D2C-ADF9-0AB53CA17C42}.Debug|Any CPU.ActiveCfg = Debug|Any CPU
		{F438A6EC-AA66-4D2C-ADF9-0AB53CA17C42}.Debug|Any CPU.Build.0 = Debug|Any CPU
		{F438A6EC-AA66-4D2C-ADF9-0AB53CA17C42}.Release|Any CPU.ActiveCfg = Release|Any CPU
		{F438A6EC-AA66-4D2C-ADF9-0AB53CA17C42}.Release|Any CPU.Build.0 = Release|Any CPU
	EndGlobalSection
	GlobalSection(SolutionProperties) = preSolution
		HideSolutionNode = FALSE
	EndGlobalSection
	GlobalSection(ExtensibilityGlobals) = postSolution
		SolutionGuid = {33593B21-52B3-44FF-A6AB-476D81D4E24B}
	EndGlobalSection
EndGlobal
