
Microsoft Visual Studio Solution File, Format Version 12.00
# Visual Studio Version 17
VisualStudioVersion = 17.1.32228.430
MinimumVisualStudioVersion = 10.0.40219.1
Project("{FAE04EC0-301F-11D3-BF4B-00C04F79EFBC}") = "ReactiveExtensions", "ReactiveExtensions.csproj", "{474E52E2-F731-43B9-9D6A-E0DF22DA45BF}"
EndProject
Global
	GlobalSection(SolutionConfigurationPlatforms) = preSolution
		Debug|Any CPU = Debug|Any CPU
		Release|Any CPU = Release|Any CPU
	EndGlobalSection
	GlobalSection(ProjectConfigurationPlatforms) = postSolution
		{474E52E2-F731-43B9-9D6A-E0DF22DA45BF}.Debug|Any CPU.ActiveCfg = Debug|Any CPU
		{474E52E2-F731-43B9-9D6A-E0DF22DA45BF}.Debug|Any CPU.Build.0 = Debug|Any CPU
		{474E52E2-F731-43B9-9D6A-E0DF22DA45BF}.Release|Any CPU.ActiveCfg = Release|Any CPU
		{474E52E2-F731-43B9-9D6A-E0DF22DA45BF}.Release|Any CPU.Build.0 = Release|Any CPU
	EndGlobalSection
	GlobalSection(SolutionProperties) = preSolution
		HideSolutionNode = FALSE
	EndGlobalSection
	GlobalSection(ExtensibilityGlobals) = postSolution
		SolutionGuid = {E6C56383-68F7-4F58-8740-0A9BCAD140CC}
	EndGlobalSection
EndGlobal
