
Microsoft Visual Studio Solution File, Format Version 12.00
# Visual Studio Version 17
VisualStudioVersion = 17.1.32210.238
MinimumVisualStudioVersion = 10.0.40219.1
Project("{FAE04EC0-301F-11D3-BF4B-00C04F79EFBC}") = "ConsoleUI", "ConsoleUI\ConsoleUI.csproj", "{B263812D-7322-420C-A981-F552055F56F0}"
EndProject
Project("{FAE04EC0-301F-11D3-BF4B-00C04F79EFBC}") = "DemoLibrary", "DemoLibrary\DemoLibrary.csproj", "{3EBD8AE5-4E3F-4A65-8076-32BDEAAC5D1C}"
EndProject
Global
	GlobalSection(SolutionConfigurationPlatforms) = preSolution
		Debug|Any CPU = Debug|Any CPU
		Release|Any CPU = Release|Any CPU
	EndGlobalSection
	GlobalSection(ProjectConfigurationPlatforms) = postSolution
		{B263812D-7322-420C-A981-F552055F56F0}.Debug|Any CPU.ActiveCfg = Debug|Any CPU
		{B263812D-7322-420C-A981-F552055F56F0}.Debug|Any CPU.Build.0 = Debug|Any CPU
		{B263812D-7322-420C-A981-F552055F56F0}.Release|Any CPU.ActiveCfg = Release|Any CPU
		{B263812D-7322-420C-A981-F552055F56F0}.Release|Any CPU.Build.0 = Release|Any CPU
		{3EBD8AE5-4E3F-4A65-8076-32BDEAAC5D1C}.Debug|Any CPU.ActiveCfg = Debug|Any CPU
		{3EBD8AE5-4E3F-4A65-8076-32BDEAAC5D1C}.Debug|Any CPU.Build.0 = Debug|Any CPU
		{3EBD8AE5-4E3F-4A65-8076-32BDEAAC5D1C}.Release|Any CPU.ActiveCfg = Release|Any CPU
		{3EBD8AE5-4E3F-4A65-8076-32BDEAAC5D1C}.Release|Any CPU.Build.0 = Release|Any CPU
	EndGlobalSection
	GlobalSection(SolutionProperties) = preSolution
		HideSolutionNode = FALSE
	EndGlobalSection
	GlobalSection(ExtensibilityGlobals) = postSolution
		SolutionGuid = {76B19F4C-AF18-484A-BBA5-A06D60C8DCB5}
	EndGlobalSection
EndGlobal
