
Microsoft Visual Studio Solution File, Format Version 12.00
# Visual Studio Version 16
VisualStudioVersion = 16.0.32228.343
MinimumVisualStudioVersion = 10.0.40219.1
Project("{FAE04EC0-301F-11D3-BF4B-00C04F79EFBC}") = "ListBoxEnWPF", "ListBoxEnWPF.csproj", "{2CC7EDDB-8A32-4450-9199-36FD8CA8F565}"
EndProject
Global
	GlobalSection(SolutionConfigurationPlatforms) = preSolution
		Debug|Any CPU = Debug|Any CPU
		Release|Any CPU = Release|Any CPU
	EndGlobalSection
	GlobalSection(ProjectConfigurationPlatforms) = postSolution
		{2CC7EDDB-8A32-4450-9199-36FD8CA8F565}.Debug|Any CPU.ActiveCfg = Debug|Any CPU
		{2CC7EDDB-8A32-4450-9199-36FD8CA8F565}.Debug|Any CPU.Build.0 = Debug|Any CPU
		{2CC7EDDB-8A32-4450-9199-36FD8CA8F565}.Release|Any CPU.ActiveCfg = Release|Any CPU
		{2CC7EDDB-8A32-4450-9199-36FD8CA8F565}.Release|Any CPU.Build.0 = Release|Any CPU
	EndGlobalSection
	GlobalSection(SolutionProperties) = preSolution
		HideSolutionNode = FALSE
	EndGlobalSection
	GlobalSection(ExtensibilityGlobals) = postSolution
		SolutionGuid = {52FD1D80-AFAA-42F6-94B2-3B382759D954}
	EndGlobalSection
EndGlobal
