
Microsoft Visual Studio Solution File, Format Version 12.00
# Visual Studio Version 17
VisualStudioVersion = 17.0.32126.317
MinimumVisualStudioVersion = 10.0.40219.1
Project("{2150E333-8FDC-42A3-9474-1A3956D46DE8}") = "1.Interface", "1.Interface", "{4617F751-C355-4359-923C-2AC0C8B9613B}"
EndProject
Project("{2150E333-8FDC-42A3-9474-1A3956D46DE8}") = "2.Application", "2.Application", "{D782B080-CA89-473A-A1FC-B9302D866A35}"
EndProject
Project("{2150E333-8FDC-42A3-9474-1A3956D46DE8}") = "3.Domain", "3.Domain", "{D76927C7-B850-47A9-9E35-2ECA6004AC8A}"
EndProject
Project("{2150E333-8FDC-42A3-9474-1A3956D46DE8}") = "4.Infrastructure", "4.Infrastructure", "{61400B3B-5C7F-46A5-A54E-2EF5E040739A}"
EndProject
Project("{FAE04EC0-301F-11D3-BF4B-00C04F79EFBC}") = "Domain.Models", "Domain.Models\Domain.Models.csproj", "{0C8EB89B-BE02-4714-B2E8-0513086E016A}"
EndProject
Project("{FAE04EC0-301F-11D3-BF4B-00C04F79EFBC}") = "Domain.Services", "Domain.Services\Domain.Services.csproj", "{10D7DFAF-1C19-4AB2-9C8A-3B585B29EBA7}"
EndProject
Project("{FAE04EC0-301F-11D3-BF4B-00C04F79EFBC}") = "App.DTO", "App.DTO\App.DTO.csproj", "{DF3CB4B8-9C2D-4555-9B42-AB315419D7A7}"
EndProject
Project("{FAE04EC0-301F-11D3-BF4B-00C04F79EFBC}") = "App.Services", "App.Services\App.Services.csproj", "{BCB0373F-975B-410A-91CF-B1140A001059}"
EndProject
Project("{FAE04EC0-301F-11D3-BF4B-00C04F79EFBC}") = "Infra.CrossCutting", "Infra.CrossCutting\Infra.CrossCutting.csproj", "{29DF7852-5117-4F4C-93CD-1D24050F7DE6}"
EndProject
Project("{FAE04EC0-301F-11D3-BF4B-00C04F79EFBC}") = "Infra.DataAccess", "Infra.DataAccess\Infra.DataAccess.csproj", "{D61D10C3-846F-48F2-AD42-66D38593B767}"
EndProject
Project("{FAE04EC0-301F-11D3-BF4B-00C04F79EFBC}") = "Infra.EmailService", "Infra.EmailService\Infra.EmailService.csproj", "{EAA8E537-1F84-4FA9-9EA7-A61B524A7257}"
EndProject
Project("{FAE04EC0-301F-11D3-BF4B-00C04F79EFBC}") = "Infra.ExternalService", "Infra.ExternalService\Infra.ExternalService.csproj", "{0A80E710-A10A-45C4-A079-6E14944952E6}"
EndProject
Project("{FAE04EC0-301F-11D3-BF4B-00C04F79EFBC}") = "UI.Web", "UI.Web\UI.Web.csproj", "{32C16B38-2212-4CDA-9AC0-521E608C460F}"
EndProject
Project("{FAE04EC0-301F-11D3-BF4B-00C04F79EFBC}") = "UI.Mobile.UWP", "UI.Mobile\UI.Mobile.UWP\UI.Mobile.UWP.csproj", "{3C20F9DE-7FF1-4922-8A6F-D8E9909F49B8}"
EndProject
Project("{FAE04EC0-301F-11D3-BF4B-00C04F79EFBC}") = "UI.Mobile.Android", "UI.Mobile\UI.Mobile.Android\UI.Mobile.Android.csproj", "{4107AC94-D6DB-4D53-BC27-8FDDD87D934E}"
EndProject
Project("{FAE04EC0-301F-11D3-BF4B-00C04F79EFBC}") = "UI.Mobile", "UI.Mobile\UI.Mobile\UI.Mobile.csproj", "{D355400A-53E9-4179-963E-2FC79CDAB810}"
EndProject
Project("{FAE04EC0-301F-11D3-BF4B-00C04F79EFBC}") = "UI.Desktop", "UI.Desktop\UI.Desktop.csproj", "{2197BDF8-7BFD-42BE-A776-D0C8FAC4316F}"
EndProject
Global
	GlobalSection(SolutionConfigurationPlatforms) = preSolution
		Debug|Any CPU = Debug|Any CPU
		Debug|ARM = Debug|ARM
		Debug|x64 = Debug|x64
		Debug|x86 = Debug|x86
		Release|Any CPU = Release|Any CPU
		Release|ARM = Release|ARM
		Release|x64 = Release|x64
		Release|x86 = Release|x86
	EndGlobalSection
	GlobalSection(ProjectConfigurationPlatforms) = postSolution
		{0C8EB89B-BE02-4714-B2E8-0513086E016A}.Debug|Any CPU.ActiveCfg = Debug|Any CPU
		{0C8EB89B-BE02-4714-B2E8-0513086E016A}.Debug|Any CPU.Build.0 = Debug|Any CPU
		{0C8EB89B-BE02-4714-B2E8-0513086E016A}.Debug|ARM.ActiveCfg = Debug|Any CPU
		{0C8EB89B-BE02-4714-B2E8-0513086E016A}.Debug|ARM.Build.0 = Debug|Any CPU
		{0C8EB89B-BE02-4714-B2E8-0513086E016A}.Debug|x64.ActiveCfg = Debug|Any CPU
		{0C8EB89B-BE02-4714-B2E8-0513086E016A}.Debug|x64.Build.0 = Debug|Any CPU
		{0C8EB89B-BE02-4714-B2E8-0513086E016A}.Debug|x86.ActiveCfg = Debug|Any CPU
		{0C8EB89B-BE02-4714-B2E8-0513086E016A}.Debug|x86.Build.0 = Debug|Any CPU
		{0C8EB89B-BE02-4714-B2E8-0513086E016A}.Release|Any CPU.ActiveCfg = Release|Any CPU
		{0C8EB89B-BE02-4714-B2E8-0513086E016A}.Release|Any CPU.Build.0 = Release|Any CPU
		{0C8EB89B-BE02-4714-B2E8-0513086E016A}.Release|ARM.ActiveCfg = Release|Any CPU
		{0C8EB89B-BE02-4714-B2E8-0513086E016A}.Release|ARM.Build.0 = Release|Any CPU
		{0C8EB89B-BE02-4714-B2E8-0513086E016A}.Release|x64.ActiveCfg = Release|Any CPU
		{0C8EB89B-BE02-4714-B2E8-0513086E016A}.Release|x64.Build.0 = Release|Any CPU
		{0C8EB89B-BE02-4714-B2E8-0513086E016A}.Release|x86.ActiveCfg = Release|Any CPU
		{0C8EB89B-BE02-4714-B2E8-0513086E016A}.Release|x86.Build.0 = Release|Any CPU
		{10D7DFAF-1C19-4AB2-9C8A-3B585B29EBA7}.Debug|Any CPU.ActiveCfg = Debug|Any CPU
		{10D7DFAF-1C19-4AB2-9C8A-3B585B29EBA7}.Debug|Any CPU.Build.0 = Debug|Any CPU
		{10D7DFAF-1C19-4AB2-9C8A-3B585B29EBA7}.Debug|ARM.ActiveCfg = Debug|Any CPU
		{10D7DFAF-1C19-4AB2-9C8A-3B585B29EBA7}.Debug|ARM.Build.0 = Debug|Any CPU
		{10D7DFAF-1C19-4AB2-9C8A-3B585B29EBA7}.Debug|x64.ActiveCfg = Debug|Any CPU
		{10D7DFAF-1C19-4AB2-9C8A-3B585B29EBA7}.Debug|x64.Build.0 = Debug|Any CPU
		{10D7DFAF-1C19-4AB2-9C8A-3B585B29EBA7}.Debug|x86.ActiveCfg = Debug|Any CPU
		{10D7DFAF-1C19-4AB2-9C8A-3B585B29EBA7}.Debug|x86.Build.0 = Debug|Any CPU
		{10D7DFAF-1C19-4AB2-9C8A-3B585B29EBA7}.Release|Any CPU.ActiveCfg = Release|Any CPU
		{10D7DFAF-1C19-4AB2-9C8A-3B585B29EBA7}.Release|Any CPU.Build.0 = Release|Any CPU
		{10D7DFAF-1C19-4AB2-9C8A-3B585B29EBA7}.Release|ARM.ActiveCfg = Release|Any CPU
		{10D7DFAF-1C19-4AB2-9C8A-3B585B29EBA7}.Release|ARM.Build.0 = Release|Any CPU
		{10D7DFAF-1C19-4AB2-9C8A-3B585B29EBA7}.Release|x64.ActiveCfg = Release|Any CPU
		{10D7DFAF-1C19-4AB2-9C8A-3B585B29EBA7}.Release|x64.Build.0 = Release|Any CPU
		{10D7DFAF-1C19-4AB2-9C8A-3B585B29EBA7}.Release|x86.ActiveCfg = Release|Any CPU
		{10D7DFAF-1C19-4AB2-9C8A-3B585B29EBA7}.Release|x86.Build.0 = Release|Any CPU
		{DF3CB4B8-9C2D-4555-9B42-AB315419D7A7}.Debug|Any CPU.ActiveCfg = Debug|Any CPU
		{DF3CB4B8-9C2D-4555-9B42-AB315419D7A7}.Debug|Any CPU.Build.0 = Debug|Any CPU
		{DF3CB4B8-9C2D-4555-9B42-AB315419D7A7}.Debug|ARM.ActiveCfg = Debug|Any CPU
		{DF3CB4B8-9C2D-4555-9B42-AB315419D7A7}.Debug|ARM.Build.0 = Debug|Any CPU
		{DF3CB4B8-9C2D-4555-9B42-AB315419D7A7}.Debug|x64.ActiveCfg = Debug|Any CPU
		{DF3CB4B8-9C2D-4555-9B42-AB315419D7A7}.Debug|x64.Build.0 = Debug|Any CPU
		{DF3CB4B8-9C2D-4555-9B42-AB315419D7A7}.Debug|x86.ActiveCfg = Debug|Any CPU
		{DF3CB4B8-9C2D-4555-9B42-AB315419D7A7}.Debug|x86.Build.0 = Debug|Any CPU
		{DF3CB4B8-9C2D-4555-9B42-AB315419D7A7}.Release|Any CPU.ActiveCfg = Release|Any CPU
		{DF3CB4B8-9C2D-4555-9B42-AB315419D7A7}.Release|Any CPU.Build.0 = Release|Any CPU
		{DF3CB4B8-9C2D-4555-9B42-AB315419D7A7}.Release|ARM.ActiveCfg = Release|Any CPU
		{DF3CB4B8-9C2D-4555-9B42-AB315419D7A7}.Release|ARM.Build.0 = Release|Any CPU
		{DF3CB4B8-9C2D-4555-9B42-AB315419D7A7}.Release|x64.ActiveCfg = Release|Any CPU
		{DF3CB4B8-9C2D-4555-9B42-AB315419D7A7}.Release|x64.Build.0 = Release|Any CPU
		{DF3CB4B8-9C2D-4555-9B42-AB315419D7A7}.Release|x86.ActiveCfg = Release|Any CPU
		{DF3CB4B8-9C2D-4555-9B42-AB315419D7A7}.Release|x86.Build.0 = Release|Any CPU
		{BCB0373F-975B-410A-91CF-B1140A001059}.Debug|Any CPU.ActiveCfg = Debug|Any CPU
		{BCB0373F-975B-410A-91CF-B1140A001059}.Debug|Any CPU.Build.0 = Debug|Any CPU
		{BCB0373F-975B-410A-91CF-B1140A001059}.Debug|ARM.ActiveCfg = Debug|Any CPU
		{BCB0373F-975B-410A-91CF-B1140A001059}.Debug|ARM.Build.0 = Debug|Any CPU
		{BCB0373F-975B-410A-91CF-B1140A001059}.Debug|x64.ActiveCfg = Debug|Any CPU
		{BCB0373F-975B-410A-91CF-B1140A001059}.Debug|x64.Build.0 = Debug|Any CPU
		{BCB0373F-975B-410A-91CF-B1140A001059}.Debug|x86.ActiveCfg = Debug|Any CPU
		{BCB0373F-975B-410A-91CF-B1140A001059}.Debug|x86.Build.0 = Debug|Any CPU
		{BCB0373F-975B-410A-91CF-B1140A001059}.Release|Any CPU.ActiveCfg = Release|Any CPU
		{BCB0373F-975B-410A-91CF-B1140A001059}.Release|Any CPU.Build.0 = Release|Any CPU
		{BCB0373F-975B-410A-91CF-B1140A001059}.Release|ARM.ActiveCfg = Release|Any CPU
		{BCB0373F-975B-410A-91CF-B1140A001059}.Release|ARM.Build.0 = Release|Any CPU
		{BCB0373F-975B-410A-91CF-B1140A001059}.Release|x64.ActiveCfg = Release|Any CPU
		{BCB0373F-975B-410A-91CF-B1140A001059}.Release|x64.Build.0 = Release|Any CPU
		{BCB0373F-975B-410A-91CF-B1140A001059}.Release|x86.ActiveCfg = Release|Any CPU
		{BCB0373F-975B-410A-91CF-B1140A001059}.Release|x86.Build.0 = Release|Any CPU
		{29DF7852-5117-4F4C-93CD-1D24050F7DE6}.Debug|Any CPU.ActiveCfg = Debug|Any CPU
		{29DF7852-5117-4F4C-93CD-1D24050F7DE6}.Debug|Any CPU.Build.0 = Debug|Any CPU
		{29DF7852-5117-4F4C-93CD-1D24050F7DE6}.Debug|ARM.ActiveCfg = Debug|Any CPU
		{29DF7852-5117-4F4C-93CD-1D24050F7DE6}.Debug|ARM.Build.0 = Debug|Any CPU
		{29DF7852-5117-4F4C-93CD-1D24050F7DE6}.Debug|x64.ActiveCfg = Debug|Any CPU
		{29DF7852-5117-4F4C-93CD-1D24050F7DE6}.Debug|x64.Build.0 = Debug|Any CPU
		{29DF7852-5117-4F4C-93CD-1D24050F7DE6}.Debug|x86.ActiveCfg = Debug|Any CPU
		{29DF7852-5117-4F4C-93CD-1D24050F7DE6}.Debug|x86.Build.0 = Debug|Any CPU
		{29DF7852-5117-4F4C-93CD-1D24050F7DE6}.Release|Any CPU.ActiveCfg = Release|Any CPU
		{29DF7852-5117-4F4C-93CD-1D24050F7DE6}.Release|Any CPU.Build.0 = Release|Any CPU
		{29DF7852-5117-4F4C-93CD-1D24050F7DE6}.Release|ARM.ActiveCfg = Release|Any CPU
		{29DF7852-5117-4F4C-93CD-1D24050F7DE6}.Release|ARM.Build.0 = Release|Any CPU
		{29DF7852-5117-4F4C-93CD-1D24050F7DE6}.Release|x64.ActiveCfg = Release|Any CPU
		{29DF7852-5117-4F4C-93CD-1D24050F7DE6}.Release|x64.Build.0 = Release|Any CPU
		{29DF7852-5117-4F4C-93CD-1D24050F7DE6}.Release|x86.ActiveCfg = Release|Any CPU
		{29DF7852-5117-4F4C-93CD-1D24050F7DE6}.Release|x86.Build.0 = Release|Any CPU
		{D61D10C3-846F-48F2-AD42-66D38593B767}.Debug|Any CPU.ActiveCfg = Debug|Any CPU
		{D61D10C3-846F-48F2-AD42-66D38593B767}.Debug|Any CPU.Build.0 = Debug|Any CPU
		{D61D10C3-846F-48F2-AD42-66D38593B767}.Debug|ARM.ActiveCfg = Debug|Any CPU
		{D61D10C3-846F-48F2-AD42-66D38593B767}.Debug|ARM.Build.0 = Debug|Any CPU
		{D61D10C3-846F-48F2-AD42-66D38593B767}.Debug|x64.ActiveCfg = Debug|Any CPU
		{D61D10C3-846F-48F2-AD42-66D38593B767}.Debug|x64.Build.0 = Debug|Any CPU
		{D61D10C3-846F-48F2-AD42-66D38593B767}.Debug|x86.ActiveCfg = Debug|Any CPU
		{D61D10C3-846F-48F2-AD42-66D38593B767}.Debug|x86.Build.0 = Debug|Any CPU
		{D61D10C3-846F-48F2-AD42-66D38593B767}.Release|Any CPU.ActiveCfg = Release|Any CPU
		{D61D10C3-846F-48F2-AD42-66D38593B767}.Release|Any CPU.Build.0 = Release|Any CPU
		{D61D10C3-846F-48F2-AD42-66D38593B767}.Release|ARM.ActiveCfg = Release|Any CPU
		{D61D10C3-846F-48F2-AD42-66D38593B767}.Release|ARM.Build.0 = Release|Any CPU
		{D61D10C3-846F-48F2-AD42-66D38593B767}.Release|x64.ActiveCfg = Release|Any CPU
		{D61D10C3-846F-48F2-AD42-66D38593B767}.Release|x64.Build.0 = Release|Any CPU
		{D61D10C3-846F-48F2-AD42-66D38593B767}.Release|x86.ActiveCfg = Release|Any CPU
		{D61D10C3-846F-48F2-AD42-66D38593B767}.Release|x86.Build.0 = Release|Any CPU
		{EAA8E537-1F84-4FA9-9EA7-A61B524A7257}.Debug|Any CPU.ActiveCfg = Debug|Any CPU
		{EAA8E537-1F84-4FA9-9EA7-A61B524A7257}.Debug|Any CPU.Build.0 = Debug|Any CPU
		{EAA8E537-1F84-4FA9-9EA7-A61B524A7257}.Debug|ARM.ActiveCfg = Debug|Any CPU
		{EAA8E537-1F84-4FA9-9EA7-A61B524A7257}.Debug|ARM.Build.0 = Debug|Any CPU
		{EAA8E537-1F84-4FA9-9EA7-A61B524A7257}.Debug|x64.ActiveCfg = Debug|Any CPU
		{EAA8E537-1F84-4FA9-9EA7-A61B524A7257}.Debug|x64.Build.0 = Debug|Any CPU
		{EAA8E537-1F84-4FA9-9EA7-A61B524A7257}.Debug|x86.ActiveCfg = Debug|Any CPU
		{EAA8E537-1F84-4FA9-9EA7-A61B524A7257}.Debug|x86.Build.0 = Debug|Any CPU
		{EAA8E537-1F84-4FA9-9EA7-A61B524A7257}.Release|Any CPU.ActiveCfg = Release|Any CPU
		{EAA8E537-1F84-4FA9-9EA7-A61B524A7257}.Release|Any CPU.Build.0 = Release|Any CPU
		{EAA8E537-1F84-4FA9-9EA7-A61B524A7257}.Release|ARM.ActiveCfg = Release|Any CPU
		{EAA8E537-1F84-4FA9-9EA7-A61B524A7257}.Release|ARM.Build.0 = Release|Any CPU
		{EAA8E537-1F84-4FA9-9EA7-A61B524A7257}.Release|x64.ActiveCfg = Release|Any CPU
		{EAA8E537-1F84-4FA9-9EA7-A61B524A7257}.Release|x64.Build.0 = Release|Any CPU
		{EAA8E537-1F84-4FA9-9EA7-A61B524A7257}.Release|x86.ActiveCfg = Release|Any CPU
		{EAA8E537-1F84-4FA9-9EA7-A61B524A7257}.Release|x86.Build.0 = Release|Any CPU
		{0A80E710-A10A-45C4-A079-6E14944952E6}.Debug|Any CPU.ActiveCfg = Debug|Any CPU
		{0A80E710-A10A-45C4-A079-6E14944952E6}.Debug|Any CPU.Build.0 = Debug|Any CPU
		{0A80E710-A10A-45C4-A079-6E14944952E6}.Debug|ARM.ActiveCfg = Debug|Any CPU
		{0A80E710-A10A-45C4-A079-6E14944952E6}.Debug|ARM.Build.0 = Debug|Any CPU
		{0A80E710-A10A-45C4-A079-6E14944952E6}.Debug|x64.ActiveCfg = Debug|Any CPU
		{0A80E710-A10A-45C4-A079-6E14944952E6}.Debug|x64.Build.0 = Debug|Any CPU
		{0A80E710-A10A-45C4-A079-6E14944952E6}.Debug|x86.ActiveCfg = Debug|Any CPU
		{0A80E710-A10A-45C4-A079-6E14944952E6}.Debug|x86.Build.0 = Debug|Any CPU
		{0A80E710-A10A-45C4-A079-6E14944952E6}.Release|Any CPU.ActiveCfg = Release|Any CPU
		{0A80E710-A10A-45C4-A079-6E14944952E6}.Release|Any CPU.Build.0 = Release|Any CPU
		{0A80E710-A10A-45C4-A079-6E14944952E6}.Release|ARM.ActiveCfg = Release|Any CPU
		{0A80E710-A10A-45C4-A079-6E14944952E6}.Release|ARM.Build.0 = Release|Any CPU
		{0A80E710-A10A-45C4-A079-6E14944952E6}.Release|x64.ActiveCfg = Release|Any CPU
		{0A80E710-A10A-45C4-A079-6E14944952E6}.Release|x64.Build.0 = Release|Any CPU
		{0A80E710-A10A-45C4-A079-6E14944952E6}.Release|x86.ActiveCfg = Release|Any CPU
		{0A80E710-A10A-45C4-A079-6E14944952E6}.Release|x86.Build.0 = Release|Any CPU
		{32C16B38-2212-4CDA-9AC0-521E608C460F}.Debug|Any CPU.ActiveCfg = Debug|Any CPU
		{32C16B38-2212-4CDA-9AC0-521E608C460F}.Debug|Any CPU.Build.0 = Debug|Any CPU
		{32C16B38-2212-4CDA-9AC0-521E608C460F}.Debug|ARM.ActiveCfg = Debug|Any CPU
		{32C16B38-2212-4CDA-9AC0-521E608C460F}.Debug|ARM.Build.0 = Debug|Any CPU
		{32C16B38-2212-4CDA-9AC0-521E608C460F}.Debug|x64.ActiveCfg = Debug|Any CPU
		{32C16B38-2212-4CDA-9AC0-521E608C460F}.Debug|x64.Build.0 = Debug|Any CPU
		{32C16B38-2212-4CDA-9AC0-521E608C460F}.Debug|x86.ActiveCfg = Debug|Any CPU
		{32C16B38-2212-4CDA-9AC0-521E608C460F}.Debug|x86.Build.0 = Debug|Any CPU
		{32C16B38-2212-4CDA-9AC0-521E608C460F}.Release|Any CPU.ActiveCfg = Release|Any CPU
		{32C16B38-2212-4CDA-9AC0-521E608C460F}.Release|Any CPU.Build.0 = Release|Any CPU
		{32C16B38-2212-4CDA-9AC0-521E608C460F}.Release|ARM.ActiveCfg = Release|Any CPU
		{32C16B38-2212-4CDA-9AC0-521E608C460F}.Release|ARM.Build.0 = Release|Any CPU
		{32C16B38-2212-4CDA-9AC0-521E608C460F}.Release|x64.ActiveCfg = Release|Any CPU
		{32C16B38-2212-4CDA-9AC0-521E608C460F}.Release|x64.Build.0 = Release|Any CPU
		{32C16B38-2212-4CDA-9AC0-521E608C460F}.Release|x86.ActiveCfg = Release|Any CPU
		{32C16B38-2212-4CDA-9AC0-521E608C460F}.Release|x86.Build.0 = Release|Any CPU
		{3C20F9DE-7FF1-4922-8A6F-D8E9909F49B8}.Debug|Any CPU.ActiveCfg = Debug|x64
		{3C20F9DE-7FF1-4922-8A6F-D8E9909F49B8}.Debug|Any CPU.Build.0 = Debug|x64
		{3C20F9DE-7FF1-4922-8A6F-D8E9909F49B8}.Debug|Any CPU.Deploy.0 = Debug|x64
		{3C20F9DE-7FF1-4922-8A6F-D8E9909F49B8}.Debug|ARM.ActiveCfg = Debug|ARM
		{3C20F9DE-7FF1-4922-8A6F-D8E9909F49B8}.Debug|ARM.Build.0 = Debug|ARM
		{3C20F9DE-7FF1-4922-8A6F-D8E9909F49B8}.Debug|ARM.Deploy.0 = Debug|ARM
		{3C20F9DE-7FF1-4922-8A6F-D8E9909F49B8}.Debug|x64.ActiveCfg = Debug|x64
		{3C20F9DE-7FF1-4922-8A6F-D8E9909F49B8}.Debug|x64.Build.0 = Debug|x64
		{3C20F9DE-7FF1-4922-8A6F-D8E9909F49B8}.Debug|x64.Deploy.0 = Debug|x64
		{3C20F9DE-7FF1-4922-8A6F-D8E9909F49B8}.Debug|x86.ActiveCfg = Debug|x86
		{3C20F9DE-7FF1-4922-8A6F-D8E9909F49B8}.Debug|x86.Build.0 = Debug|x86
		{3C20F9DE-7FF1-4922-8A6F-D8E9909F49B8}.Debug|x86.Deploy.0 = Debug|x86
		{3C20F9DE-7FF1-4922-8A6F-D8E9909F49B8}.Release|Any CPU.ActiveCfg = Release|x64
		{3C20F9DE-7FF1-4922-8A6F-D8E9909F49B8}.Release|Any CPU.Build.0 = Release|x64
		{3C20F9DE-7FF1-4922-8A6F-D8E9909F49B8}.Release|Any CPU.Deploy.0 = Release|x64
		{3C20F9DE-7FF1-4922-8A6F-D8E9909F49B8}.Release|ARM.ActiveCfg = Release|ARM
		{3C20F9DE-7FF1-4922-8A6F-D8E9909F49B8}.Release|ARM.Build.0 = Release|ARM
		{3C20F9DE-7FF1-4922-8A6F-D8E9909F49B8}.Release|ARM.Deploy.0 = Release|ARM
		{3C20F9DE-7FF1-4922-8A6F-D8E9909F49B8}.Release|x64.ActiveCfg = Release|x64
		{3C20F9DE-7FF1-4922-8A6F-D8E9909F49B8}.Release|x64.Build.0 = Release|x64
		{3C20F9DE-7FF1-4922-8A6F-D8E9909F49B8}.Release|x64.Deploy.0 = Release|x64
		{3C20F9DE-7FF1-4922-8A6F-D8E9909F49B8}.Release|x86.ActiveCfg = Release|x86
		{3C20F9DE-7FF1-4922-8A6F-D8E9909F49B8}.Release|x86.Build.0 = Release|x86
		{3C20F9DE-7FF1-4922-8A6F-D8E9909F49B8}.Release|x86.Deploy.0 = Release|x86
		{4107AC94-D6DB-4D53-BC27-8FDDD87D934E}.Debug|Any CPU.ActiveCfg = Debug|Any CPU
		{4107AC94-D6DB-4D53-BC27-8FDDD87D934E}.Debug|Any CPU.Build.0 = Debug|Any CPU
		{4107AC94-D6DB-4D53-BC27-8FDDD87D934E}.Debug|Any CPU.Deploy.0 = Debug|Any CPU
		{4107AC94-D6DB-4D53-BC27-8FDDD87D934E}.Debug|ARM.ActiveCfg = Debug|Any CPU
		{4107AC94-D6DB-4D53-BC27-8FDDD87D934E}.Debug|ARM.Build.0 = Debug|Any CPU
		{4107AC94-D6DB-4D53-BC27-8FDDD87D934E}.Debug|ARM.Deploy.0 = Debug|Any CPU
		{4107AC94-D6DB-4D53-BC27-8FDDD87D934E}.Debug|x64.ActiveCfg = Debug|Any CPU
		{4107AC94-D6DB-4D53-BC27-8FDDD87D934E}.Debug|x64.Build.0 = Debug|Any CPU
		{4107AC94-D6DB-4D53-BC27-8FDDD87D934E}.Debug|x64.Deploy.0 = Debug|Any CPU
		{4107AC94-D6DB-4D53-BC27-8FDDD87D934E}.Debug|x86.ActiveCfg = Debug|Any CPU
		{4107AC94-D6DB-4D53-BC27-8FDDD87D934E}.Debug|x86.Build.0 = Debug|Any CPU
		{4107AC94-D6DB-4D53-BC27-8FDDD87D934E}.Debug|x86.Deploy.0 = Debug|Any CPU
		{4107AC94-D6DB-4D53-BC27-8FDDD87D934E}.Release|Any CPU.ActiveCfg = Release|Any CPU
		{4107AC94-D6DB-4D53-BC27-8FDDD87D934E}.Release|Any CPU.Build.0 = Release|Any CPU
		{4107AC94-D6DB-4D53-BC27-8FDDD87D934E}.Release|Any CPU.Deploy.0 = Release|Any CPU
		{4107AC94-D6DB-4D53-BC27-8FDDD87D934E}.Release|ARM.ActiveCfg = Release|Any CPU
		{4107AC94-D6DB-4D53-BC27-8FDDD87D934E}.Release|ARM.Build.0 = Release|Any CPU
		{4107AC94-D6DB-4D53-BC27-8FDDD87D934E}.Release|ARM.Deploy.0 = Release|Any CPU
		{4107AC94-D6DB-4D53-BC27-8FDDD87D934E}.Release|x64.ActiveCfg = Release|Any CPU
		{4107AC94-D6DB-4D53-BC27-8FDDD87D934E}.Release|x64.Build.0 = Release|Any CPU
		{4107AC94-D6DB-4D53-BC27-8FDDD87D934E}.Release|x64.Deploy.0 = Release|Any CPU
		{4107AC94-D6DB-4D53-BC27-8FDDD87D934E}.Release|x86.ActiveCfg = Release|Any CPU
		{4107AC94-D6DB-4D53-BC27-8FDDD87D934E}.Release|x86.Build.0 = Release|Any CPU
		{4107AC94-D6DB-4D53-BC27-8FDDD87D934E}.Release|x86.Deploy.0 = Release|Any CPU
		{D355400A-53E9-4179-963E-2FC79CDAB810}.Debug|Any CPU.ActiveCfg = Debug|Any CPU
		{D355400A-53E9-4179-963E-2FC79CDAB810}.Debug|Any CPU.Build.0 = Debug|Any CPU
		{D355400A-53E9-4179-963E-2FC79CDAB810}.Debug|ARM.ActiveCfg = Debug|Any CPU
		{D355400A-53E9-4179-963E-2FC79CDAB810}.Debug|ARM.Build.0 = Debug|Any CPU
		{D355400A-53E9-4179-963E-2FC79CDAB810}.Debug|x64.ActiveCfg = Debug|Any CPU
		{D355400A-53E9-4179-963E-2FC79CDAB810}.Debug|x64.Build.0 = Debug|Any CPU
		{D355400A-53E9-4179-963E-2FC79CDAB810}.Debug|x86.ActiveCfg = Debug|Any CPU
		{D355400A-53E9-4179-963E-2FC79CDAB810}.Debug|x86.Build.0 = Debug|Any CPU
		{D355400A-53E9-4179-963E-2FC79CDAB810}.Release|Any CPU.ActiveCfg = Release|Any CPU
		{D355400A-53E9-4179-963E-2FC79CDAB810}.Release|Any CPU.Build.0 = Release|Any CPU
		{D355400A-53E9-4179-963E-2FC79CDAB810}.Release|ARM.ActiveCfg = Release|Any CPU
		{D355400A-53E9-4179-963E-2FC79CDAB810}.Release|ARM.Build.0 = Release|Any CPU
		{D355400A-53E9-4179-963E-2FC79CDAB810}.Release|x64.ActiveCfg = Release|Any CPU
		{D355400A-53E9-4179-963E-2FC79CDAB810}.Release|x64.Build.0 = Release|Any CPU
		{D355400A-53E9-4179-963E-2FC79CDAB810}.Release|x86.ActiveCfg = Release|Any CPU
		{D355400A-53E9-4179-963E-2FC79CDAB810}.Release|x86.Build.0 = Release|Any CPU
		{2197BDF8-7BFD-42BE-A776-D0C8FAC4316F}.Debug|Any CPU.ActiveCfg = Debug|Any CPU
		{2197BDF8-7BFD-42BE-A776-D0C8FAC4316F}.Debug|Any CPU.Build.0 = Debug|Any CPU
		{2197BDF8-7BFD-42BE-A776-D0C8FAC4316F}.Debug|ARM.ActiveCfg = Debug|Any CPU
		{2197BDF8-7BFD-42BE-A776-D0C8FAC4316F}.Debug|ARM.Build.0 = Debug|Any CPU
		{2197BDF8-7BFD-42BE-A776-D0C8FAC4316F}.Debug|x64.ActiveCfg = Debug|Any CPU
		{2197BDF8-7BFD-42BE-A776-D0C8FAC4316F}.Debug|x64.Build.0 = Debug|Any CPU
		{2197BDF8-7BFD-42BE-A776-D0C8FAC4316F}.Debug|x86.ActiveCfg = Debug|Any CPU
		{2197BDF8-7BFD-42BE-A776-D0C8FAC4316F}.Debug|x86.Build.0 = Debug|Any CPU
		{2197BDF8-7BFD-42BE-A776-D0C8FAC4316F}.Release|Any CPU.ActiveCfg = Release|Any CPU
		{2197BDF8-7BFD-42BE-A776-D0C8FAC4316F}.Release|Any CPU.Build.0 = Release|Any CPU
		{2197BDF8-7BFD-42BE-A776-D0C8FAC4316F}.Release|ARM.ActiveCfg = Release|Any CPU
		{2197BDF8-7BFD-42BE-A776-D0C8FAC4316F}.Release|ARM.Build.0 = Release|Any CPU
		{2197BDF8-7BFD-42BE-A776-D0C8FAC4316F}.Release|x64.ActiveCfg = Release|Any CPU
		{2197BDF8-7BFD-42BE-A776-D0C8FAC4316F}.Release|x64.Build.0 = Release|Any CPU
		{2197BDF8-7BFD-42BE-A776-D0C8FAC4316F}.Release|x86.ActiveCfg = Release|Any CPU
		{2197BDF8-7BFD-42BE-A776-D0C8FAC4316F}.Release|x86.Build.0 = Release|Any CPU
	EndGlobalSection
	GlobalSection(SolutionProperties) = preSolution
		HideSolutionNode = FALSE
	EndGlobalSection
	GlobalSection(NestedProjects) = preSolution
		{0C8EB89B-BE02-4714-B2E8-0513086E016A} = {D76927C7-B850-47A9-9E35-2ECA6004AC8A}
		{10D7DFAF-1C19-4AB2-9C8A-3B585B29EBA7} = {D76927C7-B850-47A9-9E35-2ECA6004AC8A}
		{DF3CB4B8-9C2D-4555-9B42-AB315419D7A7} = {D782B080-CA89-473A-A1FC-B9302D866A35}
		{BCB0373F-975B-410A-91CF-B1140A001059} = {D782B080-CA89-473A-A1FC-B9302D866A35}
		{29DF7852-5117-4F4C-93CD-1D24050F7DE6} = {61400B3B-5C7F-46A5-A54E-2EF5E040739A}
		{D61D10C3-846F-48F2-AD42-66D38593B767} = {61400B3B-5C7F-46A5-A54E-2EF5E040739A}
		{EAA8E537-1F84-4FA9-9EA7-A61B524A7257} = {61400B3B-5C7F-46A5-A54E-2EF5E040739A}
		{0A80E710-A10A-45C4-A079-6E14944952E6} = {61400B3B-5C7F-46A5-A54E-2EF5E040739A}
		{32C16B38-2212-4CDA-9AC0-521E608C460F} = {4617F751-C355-4359-923C-2AC0C8B9613B}
		{3C20F9DE-7FF1-4922-8A6F-D8E9909F49B8} = {4617F751-C355-4359-923C-2AC0C8B9613B}
		{4107AC94-D6DB-4D53-BC27-8FDDD87D934E} = {4617F751-C355-4359-923C-2AC0C8B9613B}
		{D355400A-53E9-4179-963E-2FC79CDAB810} = {4617F751-C355-4359-923C-2AC0C8B9613B}
		{2197BDF8-7BFD-42BE-A776-D0C8FAC4316F} = {4617F751-C355-4359-923C-2AC0C8B9613B}
	EndGlobalSection
	GlobalSection(ExtensibilityGlobals) = postSolution
		SolutionGuid = {E118D854-3A4C-4FC8-BBB9-4EF8EDD580AF}
	EndGlobalSection
EndGlobal
