
Microsoft Visual Studio Solution File, Format Version 12.00
# Visual Studio Version 16
VisualStudioVersion = 16.0.31025.194
MinimumVisualStudioVersion = 10.0.40219.1
Project("{FAE04EC0-301F-11D3-BF4B-00C04F79EFBC}") = "ConsoleUI", "ConsoleUI\ConsoleUI.csproj", "{267E49A5-9FFE-4A13-92E9-62CE9B7BDEAF}"
EndProject
Project("{FAE04EC0-301F-11D3-BF4B-00C04F79EFBC}") = "LinqLibrary", "LinqLibrary\LinqLibrary.csproj", "{CD4B7913-3EDF-444B-8C79-154A3B134086}"
EndProject
Project("{FAE04EC0-301F-11D3-BF4B-00C04F79EFBC}") = "FormUI", "FormUI\FormUI.csproj", "{797BFD1D-075D-407E-8903-B12C371DC917}"
EndProject
Global
	GlobalSection(SolutionConfigurationPlatforms) = preSolution
		Debug|Any CPU = Debug|Any CPU
		Release|Any CPU = Release|Any CPU
	EndGlobalSection
	GlobalSection(ProjectConfigurationPlatforms) = postSolution
		{267E49A5-9FFE-4A13-92E9-62CE9B7BDEAF}.Debug|Any CPU.ActiveCfg = Debug|Any CPU
		{267E49A5-9FFE-4A13-92E9-62CE9B7BDEAF}.Debug|Any CPU.Build.0 = Debug|Any CPU
		{267E49A5-9FFE-4A13-92E9-62CE9B7BDEAF}.Release|Any CPU.ActiveCfg = Release|Any CPU
		{267E49A5-9FFE-4A13-92E9-62CE9B7BDEAF}.Release|Any CPU.Build.0 = Release|Any CPU
		{CD4B7913-3EDF-444B-8C79-154A3B134086}.Debug|Any CPU.ActiveCfg = Debug|Any CPU
		{CD4B7913-3EDF-444B-8C79-154A3B134086}.Debug|Any CPU.Build.0 = Debug|Any CPU
		{CD4B7913-3EDF-444B-8C79-154A3B134086}.Release|Any CPU.ActiveCfg = Release|Any CPU
		{CD4B7913-3EDF-444B-8C79-154A3B134086}.Release|Any CPU.Build.0 = Release|Any CPU
		{797BFD1D-075D-407E-8903-B12C371DC917}.Debug|Any CPU.ActiveCfg = Debug|Any CPU
		{797BFD1D-075D-407E-8903-B12C371DC917}.Debug|Any CPU.Build.0 = Debug|Any CPU
		{797BFD1D-075D-407E-8903-B12C371DC917}.Release|Any CPU.ActiveCfg = Release|Any CPU
		{797BFD1D-075D-407E-8903-B12C371DC917}.Release|Any CPU.Build.0 = Release|Any CPU
	EndGlobalSection
	GlobalSection(SolutionProperties) = preSolution
		HideSolutionNode = FALSE
	EndGlobalSection
	GlobalSection(ExtensibilityGlobals) = postSolution
		SolutionGuid = {65792E65-953C-456B-B709-F4985CF4A972}
	EndGlobalSection
EndGlobal
