
Microsoft Visual Studio Solution File, Format Version 12.00
# Visual Studio Version 16
VisualStudioVersion = 16.0.32228.343
MinimumVisualStudioVersion = 10.0.40219.1
Project("{FAE04EC0-301F-11D3-BF4B-00C04F79EFBC}") = "Capa de Presentación", "Capa de Presentación\Capa de Presentación.csproj", "{6B103A52-3939-429E-8720-CC301AB2FB18}"
EndProject
Project("{FAE04EC0-301F-11D3-BF4B-00C04F79EFBC}") = "Capa de Dominio", "Capa de Dominio\Capa de Dominio.csproj", "{A2A26117-E336-48C0-AB4A-187F30C73A7F}"
EndProject
Project("{FAE04EC0-301F-11D3-BF4B-00C04F79EFBC}") = "Capa de Acceso a Datos", "Capa de Acceso a Datos\Capa de Acceso a Datos.csproj", "{C5364852-0842-481F-AC02-6383ADFDA858}"
EndProject
Global
	GlobalSection(SolutionConfigurationPlatforms) = preSolution
		Debug|Any CPU = Debug|Any CPU
		Release|Any CPU = Release|Any CPU
	EndGlobalSection
	GlobalSection(ProjectConfigurationPlatforms) = postSolution
		{6B103A52-3939-429E-8720-CC301AB2FB18}.Debug|Any CPU.ActiveCfg = Debug|Any CPU
		{6B103A52-3939-429E-8720-CC301AB2FB18}.Debug|Any CPU.Build.0 = Debug|Any CPU
		{6B103A52-3939-429E-8720-CC301AB2FB18}.Release|Any CPU.ActiveCfg = Release|Any CPU
		{6B103A52-3939-429E-8720-CC301AB2FB18}.Release|Any CPU.Build.0 = Release|Any CPU
		{A2A26117-E336-48C0-AB4A-187F30C73A7F}.Debug|Any CPU.ActiveCfg = Debug|Any CPU
		{A2A26117-E336-48C0-AB4A-187F30C73A7F}.Debug|Any CPU.Build.0 = Debug|Any CPU
		{A2A26117-E336-48C0-AB4A-187F30C73A7F}.Release|Any CPU.ActiveCfg = Release|Any CPU
		{A2A26117-E336-48C0-AB4A-187F30C73A7F}.Release|Any CPU.Build.0 = Release|Any CPU
		{C5364852-0842-481F-AC02-6383ADFDA858}.Debug|Any CPU.ActiveCfg = Debug|Any CPU
		{C5364852-0842-481F-AC02-6383ADFDA858}.Debug|Any CPU.Build.0 = Debug|Any CPU
		{C5364852-0842-481F-AC02-6383ADFDA858}.Release|Any CPU.ActiveCfg = Release|Any CPU
		{C5364852-0842-481F-AC02-6383ADFDA858}.Release|Any CPU.Build.0 = Release|Any CPU
	EndGlobalSection
	GlobalSection(SolutionProperties) = preSolution
		HideSolutionNode = FALSE
	EndGlobalSection
	GlobalSection(ExtensibilityGlobals) = postSolution
		SolutionGuid = {E7B79A1D-F45C-4E40-871D-A24241899EB2}
	EndGlobalSection
EndGlobal
