
Microsoft Visual Studio Solution File, Format Version 12.00
# Visual Studio Version 17
VisualStudioVersion = 17.0.32112.339
MinimumVisualStudioVersion = 10.0.40219.1
Project("{2150E333-8FDC-42A3-9474-1A3956D46DE8}") = "1.UserInterface", "1.UserInterface", "{4E94725D-9355-447B-84D1-B3ED3093E054}"
EndProject
Project("{2150E333-8FDC-42A3-9474-1A3956D46DE8}") = "2.Application", "2.Application", "{25A8DCCF-FCF3-4BEA-BEDD-80C9159A5D89}"
EndProject
Project("{2150E333-8FDC-42A3-9474-1A3956D46DE8}") = "3.Domain", "3.Domain", "{4845E66B-651E-4244-A9D3-B280269A0018}"
EndProject
Project("{2150E333-8FDC-42A3-9474-1A3956D46DE8}") = "4.Infrastructure", "4.Infrastructure", "{C1B8BCF9-27A1-44A1-94DD-FD203B2785A2}"
EndProject
Project("{FAE04EC0-301F-11D3-BF4B-00C04F79EFBC}") = "UI.Desktop", "UI.Desktop\UI.Desktop.csproj", "{A914C048-1ABE-4184-A669-C966532B4D45}"
EndProject
Project("{FAE04EC0-301F-11D3-BF4B-00C04F79EFBC}") = "UI.Web", "UI.Web\UI.Web.csproj", "{6603B857-DC71-4914-AE98-A80684F3C032}"
EndProject
Project("{FAE04EC0-301F-11D3-BF4B-00C04F79EFBC}") = "Aplicacion", "Aplicacion\Aplicacion.csproj", "{1DA36C9C-D795-4513-A9C6-B1BFE2885463}"
EndProject
Project("{FAE04EC0-301F-11D3-BF4B-00C04F79EFBC}") = "Aplicacion.DTO", "Aplicacion.DTO\Aplicacion.DTO.csproj", "{DEFA0136-7EA5-4CB7-BF92-D39803E5E1DC}"
EndProject
Project("{FAE04EC0-301F-11D3-BF4B-00C04F79EFBC}") = "Domain.Model", "Domain.Model\Domain.Model.csproj", "{D450D42F-B415-474E-BE48-E5549FB7465E}"
EndProject
Project("{FAE04EC0-301F-11D3-BF4B-00C04F79EFBC}") = "Domain.Services", "Domain.Services\Domain.Services.csproj", "{1A631075-F110-4A0B-A619-61A517A39DC0}"
EndProject
Project("{FAE04EC0-301F-11D3-BF4B-00C04F79EFBC}") = "Infra.DataAccess", "Infra.DataAccess\Infra.DataAccess.csproj", "{F09CA353-3723-45E4-B9BA-526829D83B15}"
EndProject
Project("{FAE04EC0-301F-11D3-BF4B-00C04F79EFBC}") = "Infra.EmailService", "Infra.EmailService\Infra.EmailService.csproj", "{4A5B562A-40C2-4285-BF01-410F1D796895}"
EndProject
Project("{FAE04EC0-301F-11D3-BF4B-00C04F79EFBC}") = "Infra.ExternalServices", "Infra.ExternalServices\Infra.ExternalServices.csproj", "{1E02AB5A-8C93-4E1A-81FA-449AFFF9E69A}"
EndProject
Project("{FAE04EC0-301F-11D3-BF4B-00C04F79EFBC}") = "Infra.CrossCutting", "Infra.CrossCutting\Infra.CrossCutting.csproj", "{7DEE091B-4FB8-421F-AE9E-5E64DB585183}"
EndProject
Project("{FAE04EC0-301F-11D3-BF4B-00C04F79EFBC}") = "UI.Mobile.Android", "UI.Mobile\UI.Mobile.Android\UI.Mobile.Android.csproj", "{1A56DE00-BFE9-4B11-AA11-C16444ADED3A}"
EndProject
Project("{9A19103F-16F7-4668-BE54-9A1E7A4F7556}") = "UI.Mobile", "UI.Mobile\UI.Mobile\UI.Mobile.csproj", "{86A7C011-B6B4-439F-A672-4F31F713D0C8}"
EndProject
Global
	GlobalSection(SolutionConfigurationPlatforms) = preSolution
		Debug|Any CPU = Debug|Any CPU
		Debug|iPhone = Debug|iPhone
		Debug|iPhoneSimulator = Debug|iPhoneSimulator
		Release|Any CPU = Release|Any CPU
		Release|iPhone = Release|iPhone
		Release|iPhoneSimulator = Release|iPhoneSimulator
	EndGlobalSection
	GlobalSection(ProjectConfigurationPlatforms) = postSolution
		{A914C048-1ABE-4184-A669-C966532B4D45}.Debug|Any CPU.ActiveCfg = Debug|Any CPU
		{A914C048-1ABE-4184-A669-C966532B4D45}.Debug|Any CPU.Build.0 = Debug|Any CPU
		{A914C048-1ABE-4184-A669-C966532B4D45}.Debug|iPhone.ActiveCfg = Debug|Any CPU
		{A914C048-1ABE-4184-A669-C966532B4D45}.Debug|iPhone.Build.0 = Debug|Any CPU
		{A914C048-1ABE-4184-A669-C966532B4D45}.Debug|iPhoneSimulator.ActiveCfg = Debug|Any CPU
		{A914C048-1ABE-4184-A669-C966532B4D45}.Debug|iPhoneSimulator.Build.0 = Debug|Any CPU
		{A914C048-1ABE-4184-A669-C966532B4D45}.Release|Any CPU.ActiveCfg = Release|Any CPU
		{A914C048-1ABE-4184-A669-C966532B4D45}.Release|Any CPU.Build.0 = Release|Any CPU
		{A914C048-1ABE-4184-A669-C966532B4D45}.Release|iPhone.ActiveCfg = Release|Any CPU
		{A914C048-1ABE-4184-A669-C966532B4D45}.Release|iPhone.Build.0 = Release|Any CPU
		{A914C048-1ABE-4184-A669-C966532B4D45}.Release|iPhoneSimulator.ActiveCfg = Release|Any CPU
		{A914C048-1ABE-4184-A669-C966532B4D45}.Release|iPhoneSimulator.Build.0 = Release|Any CPU
		{6603B857-DC71-4914-AE98-A80684F3C032}.Debug|Any CPU.ActiveCfg = Debug|Any CPU
		{6603B857-DC71-4914-AE98-A80684F3C032}.Debug|Any CPU.Build.0 = Debug|Any CPU
		{6603B857-DC71-4914-AE98-A80684F3C032}.Debug|iPhone.ActiveCfg = Debug|Any CPU
		{6603B857-DC71-4914-AE98-A80684F3C032}.Debug|iPhone.Build.0 = Debug|Any CPU
		{6603B857-DC71-4914-AE98-A80684F3C032}.Debug|iPhoneSimulator.ActiveCfg = Debug|Any CPU
		{6603B857-DC71-4914-AE98-A80684F3C032}.Debug|iPhoneSimulator.Build.0 = Debug|Any CPU
		{6603B857-DC71-4914-AE98-A80684F3C032}.Release|Any CPU.ActiveCfg = Release|Any CPU
		{6603B857-DC71-4914-AE98-A80684F3C032}.Release|Any CPU.Build.0 = Release|Any CPU
		{6603B857-DC71-4914-AE98-A80684F3C032}.Release|iPhone.ActiveCfg = Release|Any CPU
		{6603B857-DC71-4914-AE98-A80684F3C032}.Release|iPhone.Build.0 = Release|Any CPU
		{6603B857-DC71-4914-AE98-A80684F3C032}.Release|iPhoneSimulator.ActiveCfg = Release|Any CPU
		{6603B857-DC71-4914-AE98-A80684F3C032}.Release|iPhoneSimulator.Build.0 = Release|Any CPU
		{1DA36C9C-D795-4513-A9C6-B1BFE2885463}.Debug|Any CPU.ActiveCfg = Debug|Any CPU
		{1DA36C9C-D795-4513-A9C6-B1BFE2885463}.Debug|Any CPU.Build.0 = Debug|Any CPU
		{1DA36C9C-D795-4513-A9C6-B1BFE2885463}.Debug|iPhone.ActiveCfg = Debug|Any CPU
		{1DA36C9C-D795-4513-A9C6-B1BFE2885463}.Debug|iPhone.Build.0 = Debug|Any CPU
		{1DA36C9C-D795-4513-A9C6-B1BFE2885463}.Debug|iPhoneSimulator.ActiveCfg = Debug|Any CPU
		{1DA36C9C-D795-4513-A9C6-B1BFE2885463}.Debug|iPhoneSimulator.Build.0 = Debug|Any CPU
		{1DA36C9C-D795-4513-A9C6-B1BFE2885463}.Release|Any CPU.ActiveCfg = Release|Any CPU
		{1DA36C9C-D795-4513-A9C6-B1BFE2885463}.Release|Any CPU.Build.0 = Release|Any CPU
		{1DA36C9C-D795-4513-A9C6-B1BFE2885463}.Release|iPhone.ActiveCfg = Release|Any CPU
		{1DA36C9C-D795-4513-A9C6-B1BFE2885463}.Release|iPhone.Build.0 = Release|Any CPU
		{1DA36C9C-D795-4513-A9C6-B1BFE2885463}.Release|iPhoneSimulator.ActiveCfg = Release|Any CPU
		{1DA36C9C-D795-4513-A9C6-B1BFE2885463}.Release|iPhoneSimulator.Build.0 = Release|Any CPU
		{DEFA0136-7EA5-4CB7-BF92-D39803E5E1DC}.Debug|Any CPU.ActiveCfg = Debug|Any CPU
		{DEFA0136-7EA5-4CB7-BF92-D39803E5E1DC}.Debug|Any CPU.Build.0 = Debug|Any CPU
		{DEFA0136-7EA5-4CB7-BF92-D39803E5E1DC}.Debug|iPhone.ActiveCfg = Debug|Any CPU
		{DEFA0136-7EA5-4CB7-BF92-D39803E5E1DC}.Debug|iPhone.Build.0 = Debug|Any CPU
		{DEFA0136-7EA5-4CB7-BF92-D39803E5E1DC}.Debug|iPhoneSimulator.ActiveCfg = Debug|Any CPU
		{DEFA0136-7EA5-4CB7-BF92-D39803E5E1DC}.Debug|iPhoneSimulator.Build.0 = Debug|Any CPU
		{DEFA0136-7EA5-4CB7-BF92-D39803E5E1DC}.Release|Any CPU.ActiveCfg = Release|Any CPU
		{DEFA0136-7EA5-4CB7-BF92-D39803E5E1DC}.Release|Any CPU.Build.0 = Release|Any CPU
		{DEFA0136-7EA5-4CB7-BF92-D39803E5E1DC}.Release|iPhone.ActiveCfg = Release|Any CPU
		{DEFA0136-7EA5-4CB7-BF92-D39803E5E1DC}.Release|iPhone.Build.0 = Release|Any CPU
		{DEFA0136-7EA5-4CB7-BF92-D39803E5E1DC}.Release|iPhoneSimulator.ActiveCfg = Release|Any CPU
		{DEFA0136-7EA5-4CB7-BF92-D39803E5E1DC}.Release|iPhoneSimulator.Build.0 = Release|Any CPU
		{D450D42F-B415-474E-BE48-E5549FB7465E}.Debug|Any CPU.ActiveCfg = Debug|Any CPU
		{D450D42F-B415-474E-BE48-E5549FB7465E}.Debug|Any CPU.Build.0 = Debug|Any CPU
		{D450D42F-B415-474E-BE48-E5549FB7465E}.Debug|iPhone.ActiveCfg = Debug|Any CPU
		{D450D42F-B415-474E-BE48-E5549FB7465E}.Debug|iPhone.Build.0 = Debug|Any CPU
		{D450D42F-B415-474E-BE48-E5549FB7465E}.Debug|iPhoneSimulator.ActiveCfg = Debug|Any CPU
		{D450D42F-B415-474E-BE48-E5549FB7465E}.Debug|iPhoneSimulator.Build.0 = Debug|Any CPU
		{D450D42F-B415-474E-BE48-E5549FB7465E}.Release|Any CPU.ActiveCfg = Release|Any CPU
		{D450D42F-B415-474E-BE48-E5549FB7465E}.Release|Any CPU.Build.0 = Release|Any CPU
		{D450D42F-B415-474E-BE48-E5549FB7465E}.Release|iPhone.ActiveCfg = Release|Any CPU
		{D450D42F-B415-474E-BE48-E5549FB7465E}.Release|iPhone.Build.0 = Release|Any CPU
		{D450D42F-B415-474E-BE48-E5549FB7465E}.Release|iPhoneSimulator.ActiveCfg = Release|Any CPU
		{D450D42F-B415-474E-BE48-E5549FB7465E}.Release|iPhoneSimulator.Build.0 = Release|Any CPU
		{1A631075-F110-4A0B-A619-61A517A39DC0}.Debug|Any CPU.ActiveCfg = Debug|Any CPU
		{1A631075-F110-4A0B-A619-61A517A39DC0}.Debug|Any CPU.Build.0 = Debug|Any CPU
		{1A631075-F110-4A0B-A619-61A517A39DC0}.Debug|iPhone.ActiveCfg = Debug|Any CPU
		{1A631075-F110-4A0B-A619-61A517A39DC0}.Debug|iPhone.Build.0 = Debug|Any CPU
		{1A631075-F110-4A0B-A619-61A517A39DC0}.Debug|iPhoneSimulator.ActiveCfg = Debug|Any CPU
		{1A631075-F110-4A0B-A619-61A517A39DC0}.Debug|iPhoneSimulator.Build.0 = Debug|Any CPU
		{1A631075-F110-4A0B-A619-61A517A39DC0}.Release|Any CPU.ActiveCfg = Release|Any CPU
		{1A631075-F110-4A0B-A619-61A517A39DC0}.Release|Any CPU.Build.0 = Release|Any CPU
		{1A631075-F110-4A0B-A619-61A517A39DC0}.Release|iPhone.ActiveCfg = Release|Any CPU
		{1A631075-F110-4A0B-A619-61A517A39DC0}.Release|iPhone.Build.0 = Release|Any CPU
		{1A631075-F110-4A0B-A619-61A517A39DC0}.Release|iPhoneSimulator.ActiveCfg = Release|Any CPU
		{1A631075-F110-4A0B-A619-61A517A39DC0}.Release|iPhoneSimulator.Build.0 = Release|Any CPU
		{F09CA353-3723-45E4-B9BA-526829D83B15}.Debug|Any CPU.ActiveCfg = Debug|Any CPU
		{F09CA353-3723-45E4-B9BA-526829D83B15}.Debug|Any CPU.Build.0 = Debug|Any CPU
		{F09CA353-3723-45E4-B9BA-526829D83B15}.Debug|iPhone.ActiveCfg = Debug|Any CPU
		{F09CA353-3723-45E4-B9BA-526829D83B15}.Debug|iPhone.Build.0 = Debug|Any CPU
		{F09CA353-3723-45E4-B9BA-526829D83B15}.Debug|iPhoneSimulator.ActiveCfg = Debug|Any CPU
		{F09CA353-3723-45E4-B9BA-526829D83B15}.Debug|iPhoneSimulator.Build.0 = Debug|Any CPU
		{F09CA353-3723-45E4-B9BA-526829D83B15}.Release|Any CPU.ActiveCfg = Release|Any CPU
		{F09CA353-3723-45E4-B9BA-526829D83B15}.Release|Any CPU.Build.0 = Release|Any CPU
		{F09CA353-3723-45E4-B9BA-526829D83B15}.Release|iPhone.ActiveCfg = Release|Any CPU
		{F09CA353-3723-45E4-B9BA-526829D83B15}.Release|iPhone.Build.0 = Release|Any CPU
		{F09CA353-3723-45E4-B9BA-526829D83B15}.Release|iPhoneSimulator.ActiveCfg = Release|Any CPU
		{F09CA353-3723-45E4-B9BA-526829D83B15}.Release|iPhoneSimulator.Build.0 = Release|Any CPU
		{4A5B562A-40C2-4285-BF01-410F1D796895}.Debug|Any CPU.ActiveCfg = Debug|Any CPU
		{4A5B562A-40C2-4285-BF01-410F1D796895}.Debug|Any CPU.Build.0 = Debug|Any CPU
		{4A5B562A-40C2-4285-BF01-410F1D796895}.Debug|iPhone.ActiveCfg = Debug|Any CPU
		{4A5B562A-40C2-4285-BF01-410F1D796895}.Debug|iPhone.Build.0 = Debug|Any CPU
		{4A5B562A-40C2-4285-BF01-410F1D796895}.Debug|iPhoneSimulator.ActiveCfg = Debug|Any CPU
		{4A5B562A-40C2-4285-BF01-410F1D796895}.Debug|iPhoneSimulator.Build.0 = Debug|Any CPU
		{4A5B562A-40C2-4285-BF01-410F1D796895}.Release|Any CPU.ActiveCfg = Release|Any CPU
		{4A5B562A-40C2-4285-BF01-410F1D796895}.Release|Any CPU.Build.0 = Release|Any CPU
		{4A5B562A-40C2-4285-BF01-410F1D796895}.Release|iPhone.ActiveCfg = Release|Any CPU
		{4A5B562A-40C2-4285-BF01-410F1D796895}.Release|iPhone.Build.0 = Release|Any CPU
		{4A5B562A-40C2-4285-BF01-410F1D796895}.Release|iPhoneSimulator.ActiveCfg = Release|Any CPU
		{4A5B562A-40C2-4285-BF01-410F1D796895}.Release|iPhoneSimulator.Build.0 = Release|Any CPU
		{1E02AB5A-8C93-4E1A-81FA-449AFFF9E69A}.Debug|Any CPU.ActiveCfg = Debug|Any CPU
		{1E02AB5A-8C93-4E1A-81FA-449AFFF9E69A}.Debug|Any CPU.Build.0 = Debug|Any CPU
		{1E02AB5A-8C93-4E1A-81FA-449AFFF9E69A}.Debug|iPhone.ActiveCfg = Debug|Any CPU
		{1E02AB5A-8C93-4E1A-81FA-449AFFF9E69A}.Debug|iPhone.Build.0 = Debug|Any CPU
		{1E02AB5A-8C93-4E1A-81FA-449AFFF9E69A}.Debug|iPhoneSimulator.ActiveCfg = Debug|Any CPU
		{1E02AB5A-8C93-4E1A-81FA-449AFFF9E69A}.Debug|iPhoneSimulator.Build.0 = Debug|Any CPU
		{1E02AB5A-8C93-4E1A-81FA-449AFFF9E69A}.Release|Any CPU.ActiveCfg = Release|Any CPU
		{1E02AB5A-8C93-4E1A-81FA-449AFFF9E69A}.Release|Any CPU.Build.0 = Release|Any CPU
		{1E02AB5A-8C93-4E1A-81FA-449AFFF9E69A}.Release|iPhone.ActiveCfg = Release|Any CPU
		{1E02AB5A-8C93-4E1A-81FA-449AFFF9E69A}.Release|iPhone.Build.0 = Release|Any CPU
		{1E02AB5A-8C93-4E1A-81FA-449AFFF9E69A}.Release|iPhoneSimulator.ActiveCfg = Release|Any CPU
		{1E02AB5A-8C93-4E1A-81FA-449AFFF9E69A}.Release|iPhoneSimulator.Build.0 = Release|Any CPU
		{7DEE091B-4FB8-421F-AE9E-5E64DB585183}.Debug|Any CPU.ActiveCfg = Debug|Any CPU
		{7DEE091B-4FB8-421F-AE9E-5E64DB585183}.Debug|Any CPU.Build.0 = Debug|Any CPU
		{7DEE091B-4FB8-421F-AE9E-5E64DB585183}.Debug|iPhone.ActiveCfg = Debug|Any CPU
		{7DEE091B-4FB8-421F-AE9E-5E64DB585183}.Debug|iPhone.Build.0 = Debug|Any CPU
		{7DEE091B-4FB8-421F-AE9E-5E64DB585183}.Debug|iPhoneSimulator.ActiveCfg = Debug|Any CPU
		{7DEE091B-4FB8-421F-AE9E-5E64DB585183}.Debug|iPhoneSimulator.Build.0 = Debug|Any CPU
		{7DEE091B-4FB8-421F-AE9E-5E64DB585183}.Release|Any CPU.ActiveCfg = Release|Any CPU
		{7DEE091B-4FB8-421F-AE9E-5E64DB585183}.Release|Any CPU.Build.0 = Release|Any CPU
		{7DEE091B-4FB8-421F-AE9E-5E64DB585183}.Release|iPhone.ActiveCfg = Release|Any CPU
		{7DEE091B-4FB8-421F-AE9E-5E64DB585183}.Release|iPhone.Build.0 = Release|Any CPU
		{7DEE091B-4FB8-421F-AE9E-5E64DB585183}.Release|iPhoneSimulator.ActiveCfg = Release|Any CPU
		{7DEE091B-4FB8-421F-AE9E-5E64DB585183}.Release|iPhoneSimulator.Build.0 = Release|Any CPU
		{1A56DE00-BFE9-4B11-AA11-C16444ADED3A}.Debug|Any CPU.ActiveCfg = Debug|Any CPU
		{1A56DE00-BFE9-4B11-AA11-C16444ADED3A}.Debug|Any CPU.Build.0 = Debug|Any CPU
		{1A56DE00-BFE9-4B11-AA11-C16444ADED3A}.Debug|Any CPU.Deploy.0 = Debug|Any CPU
		{1A56DE00-BFE9-4B11-AA11-C16444ADED3A}.Debug|iPhone.ActiveCfg = Debug|Any CPU
		{1A56DE00-BFE9-4B11-AA11-C16444ADED3A}.Debug|iPhone.Build.0 = Debug|Any CPU
		{1A56DE00-BFE9-4B11-AA11-C16444ADED3A}.Debug|iPhone.Deploy.0 = Debug|Any CPU
		{1A56DE00-BFE9-4B11-AA11-C16444ADED3A}.Debug|iPhoneSimulator.ActiveCfg = Debug|Any CPU
		{1A56DE00-BFE9-4B11-AA11-C16444ADED3A}.Debug|iPhoneSimulator.Build.0 = Debug|Any CPU
		{1A56DE00-BFE9-4B11-AA11-C16444ADED3A}.Debug|iPhoneSimulator.Deploy.0 = Debug|Any CPU
		{1A56DE00-BFE9-4B11-AA11-C16444ADED3A}.Release|Any CPU.ActiveCfg = Release|Any CPU
		{1A56DE00-BFE9-4B11-AA11-C16444ADED3A}.Release|Any CPU.Build.0 = Release|Any CPU
		{1A56DE00-BFE9-4B11-AA11-C16444ADED3A}.Release|Any CPU.Deploy.0 = Release|Any CPU
		{1A56DE00-BFE9-4B11-AA11-C16444ADED3A}.Release|iPhone.ActiveCfg = Release|Any CPU
		{1A56DE00-BFE9-4B11-AA11-C16444ADED3A}.Release|iPhone.Build.0 = Release|Any CPU
		{1A56DE00-BFE9-4B11-AA11-C16444ADED3A}.Release|iPhone.Deploy.0 = Release|Any CPU
		{1A56DE00-BFE9-4B11-AA11-C16444ADED3A}.Release|iPhoneSimulator.ActiveCfg = Release|Any CPU
		{1A56DE00-BFE9-4B11-AA11-C16444ADED3A}.Release|iPhoneSimulator.Build.0 = Release|Any CPU
		{1A56DE00-BFE9-4B11-AA11-C16444ADED3A}.Release|iPhoneSimulator.Deploy.0 = Release|Any CPU
		{86A7C011-B6B4-439F-A672-4F31F713D0C8}.Debug|Any CPU.ActiveCfg = Debug|Any CPU
		{86A7C011-B6B4-439F-A672-4F31F713D0C8}.Debug|Any CPU.Build.0 = Debug|Any CPU
		{86A7C011-B6B4-439F-A672-4F31F713D0C8}.Debug|iPhone.ActiveCfg = Debug|Any CPU
		{86A7C011-B6B4-439F-A672-4F31F713D0C8}.Debug|iPhone.Build.0 = Debug|Any CPU
		{86A7C011-B6B4-439F-A672-4F31F713D0C8}.Debug|iPhoneSimulator.ActiveCfg = Debug|Any CPU
		{86A7C011-B6B4-439F-A672-4F31F713D0C8}.Debug|iPhoneSimulator.Build.0 = Debug|Any CPU
		{86A7C011-B6B4-439F-A672-4F31F713D0C8}.Release|Any CPU.ActiveCfg = Release|Any CPU
		{86A7C011-B6B4-439F-A672-4F31F713D0C8}.Release|Any CPU.Build.0 = Release|Any CPU
		{86A7C011-B6B4-439F-A672-4F31F713D0C8}.Release|iPhone.ActiveCfg = Release|Any CPU
		{86A7C011-B6B4-439F-A672-4F31F713D0C8}.Release|iPhone.Build.0 = Release|Any CPU
		{86A7C011-B6B4-439F-A672-4F31F713D0C8}.Release|iPhoneSimulator.ActiveCfg = Release|Any CPU
		{86A7C011-B6B4-439F-A672-4F31F713D0C8}.Release|iPhoneSimulator.Build.0 = Release|Any CPU
	EndGlobalSection
	GlobalSection(SolutionProperties) = preSolution
		HideSolutionNode = FALSE
	EndGlobalSection
	GlobalSection(NestedProjects) = preSolution
		{A914C048-1ABE-4184-A669-C966532B4D45} = {4E94725D-9355-447B-84D1-B3ED3093E054}
		{6603B857-DC71-4914-AE98-A80684F3C032} = {4E94725D-9355-447B-84D1-B3ED3093E054}
		{1DA36C9C-D795-4513-A9C6-B1BFE2885463} = {25A8DCCF-FCF3-4BEA-BEDD-80C9159A5D89}
		{DEFA0136-7EA5-4CB7-BF92-D39803E5E1DC} = {25A8DCCF-FCF3-4BEA-BEDD-80C9159A5D89}
		{D450D42F-B415-474E-BE48-E5549FB7465E} = {4845E66B-651E-4244-A9D3-B280269A0018}
		{1A631075-F110-4A0B-A619-61A517A39DC0} = {4845E66B-651E-4244-A9D3-B280269A0018}
		{F09CA353-3723-45E4-B9BA-526829D83B15} = {C1B8BCF9-27A1-44A1-94DD-FD203B2785A2}
		{4A5B562A-40C2-4285-BF01-410F1D796895} = {C1B8BCF9-27A1-44A1-94DD-FD203B2785A2}
		{1E02AB5A-8C93-4E1A-81FA-449AFFF9E69A} = {C1B8BCF9-27A1-44A1-94DD-FD203B2785A2}
		{7DEE091B-4FB8-421F-AE9E-5E64DB585183} = {C1B8BCF9-27A1-44A1-94DD-FD203B2785A2}
		{1A56DE00-BFE9-4B11-AA11-C16444ADED3A} = {4E94725D-9355-447B-84D1-B3ED3093E054}
		{86A7C011-B6B4-439F-A672-4F31F713D0C8} = {4E94725D-9355-447B-84D1-B3ED3093E054}
	EndGlobalSection
	GlobalSection(ExtensibilityGlobals) = postSolution
		SolutionGuid = {2377EDF9-C9AA-46D4-81B4-450D83C33FB3}
	EndGlobalSection
EndGlobal
