
Microsoft Visual Studio Solution File, Format Version 12.00
# Visual Studio Version 17
VisualStudioVersion = 17.0.32126.317
MinimumVisualStudioVersion = 10.0.40219.1
Project("{FAE04EC0-301F-11D3-BF4B-00C04F79EFBC}") = "Web", "Web.csproj", "{8BB98DC3-D01F-434A-96D8-747918DF396D}"
EndProject
Global
	GlobalSection(SolutionConfigurationPlatforms) = preSolution
		Debug|Any CPU = Debug|Any CPU
		Release|Any CPU = Release|Any CPU
	EndGlobalSection
	GlobalSection(ProjectConfigurationPlatforms) = postSolution
		{8BB98DC3-D01F-434A-96D8-747918DF396D}.Debug|Any CPU.ActiveCfg = Debug|Any CPU
		{8BB98DC3-D01F-434A-96D8-747918DF396D}.Debug|Any CPU.Build.0 = Debug|Any CPU
		{8BB98DC3-D01F-434A-96D8-747918DF396D}.Release|Any CPU.ActiveCfg = Release|Any CPU
		{8BB98DC3-D01F-434A-96D8-747918DF396D}.Release|Any CPU.Build.0 = Release|Any CPU
	EndGlobalSection
	GlobalSection(SolutionProperties) = preSolution
		HideSolutionNode = FALSE
	EndGlobalSection
	GlobalSection(ExtensibilityGlobals) = postSolution
		SolutionGuid = {E321BD0F-C0D4-431E-8B3C-6CDDD569E3D6}
	EndGlobalSection
EndGlobal
