
Microsoft Visual Studio Solution File, Format Version 12.00
# Visual Studio Version 17
VisualStudioVersion = 17.0.32112.339
MinimumVisualStudioVersion = 10.0.40219.1
Project("{FAE04EC0-301F-11D3-BF4B-00C04F79EFBC}") = "Presentation", "Presentation\Presentation.csproj", "{29EB16AD-3E4C-4F76-969A-6A93D094F5B6}"
EndProject
Project("{FAE04EC0-301F-11D3-BF4B-00C04F79EFBC}") = "Domain", "Domain\Domain.csproj", "{E3BC46F2-3DAC-433A-8D02-BCA4113D5A14}"
EndProject
Project("{FAE04EC0-301F-11D3-BF4B-00C04F79EFBC}") = "DataAccess", "DataAccess\DataAccess.csproj", "{AFCCD2E3-098F-4FDB-AECA-6041041AD93A}"
EndProject
Global
	GlobalSection(SolutionConfigurationPlatforms) = preSolution
		Debug|Any CPU = Debug|Any CPU
		Release|Any CPU = Release|Any CPU
	EndGlobalSection
	GlobalSection(ProjectConfigurationPlatforms) = postSolution
		{29EB16AD-3E4C-4F76-969A-6A93D094F5B6}.Debug|Any CPU.ActiveCfg = Debug|Any CPU
		{29EB16AD-3E4C-4F76-969A-6A93D094F5B6}.Debug|Any CPU.Build.0 = Debug|Any CPU
		{29EB16AD-3E4C-4F76-969A-6A93D094F5B6}.Release|Any CPU.ActiveCfg = Release|Any CPU
		{29EB16AD-3E4C-4F76-969A-6A93D094F5B6}.Release|Any CPU.Build.0 = Release|Any CPU
		{E3BC46F2-3DAC-433A-8D02-BCA4113D5A14}.Debug|Any CPU.ActiveCfg = Debug|Any CPU
		{E3BC46F2-3DAC-433A-8D02-BCA4113D5A14}.Debug|Any CPU.Build.0 = Debug|Any CPU
		{E3BC46F2-3DAC-433A-8D02-BCA4113D5A14}.Release|Any CPU.ActiveCfg = Release|Any CPU
		{E3BC46F2-3DAC-433A-8D02-BCA4113D5A14}.Release|Any CPU.Build.0 = Release|Any CPU
		{AFCCD2E3-098F-4FDB-AECA-6041041AD93A}.Debug|Any CPU.ActiveCfg = Debug|Any CPU
		{AFCCD2E3-098F-4FDB-AECA-6041041AD93A}.Debug|Any CPU.Build.0 = Debug|Any CPU
		{AFCCD2E3-098F-4FDB-AECA-6041041AD93A}.Release|Any CPU.ActiveCfg = Release|Any CPU
		{AFCCD2E3-098F-4FDB-AECA-6041041AD93A}.Release|Any CPU.Build.0 = Release|Any CPU
	EndGlobalSection
	GlobalSection(SolutionProperties) = preSolution
		HideSolutionNode = FALSE
	EndGlobalSection
	GlobalSection(ExtensibilityGlobals) = postSolution
		SolutionGuid = {7BDBA8AE-713F-48FC-B3AE-931B607F4DD3}
	EndGlobalSection
EndGlobal
