
Microsoft Visual Studio Solution File, Format Version 12.00
# Visual Studio Version 16
VisualStudioVersion = 16.0.32630.194
MinimumVisualStudioVersion = 10.0.40219.1
Project("{FAE04EC0-301F-11D3-BF4B-00C04F79EFBC}") = "MyApp", "MyApp\MyApp.csproj", "{A3D3CDA9-6904-482E-B4BC-075E3AB98D38}"
EndProject
Project("{FAE04EC0-301F-11D3-BF4B-00C04F79EFBC}") = "Core", "Core\Core.csproj", "{AE889B06-8B53-4D9D-A58C-BD8A578C8067}"
EndProject
Global
	GlobalSection(SolutionConfigurationPlatforms) = preSolution
		Debug|Any CPU = Debug|Any CPU
		Release|Any CPU = Release|Any CPU
	EndGlobalSection
	GlobalSection(ProjectConfigurationPlatforms) = postSolution
		{A3D3CDA9-6904-482E-B4BC-075E3AB98D38}.Debug|Any CPU.ActiveCfg = Debug|Any CPU
		{A3D3CDA9-6904-482E-B4BC-075E3AB98D38}.Debug|Any CPU.Build.0 = Debug|Any CPU
		{A3D3CDA9-6904-482E-B4BC-075E3AB98D38}.Release|Any CPU.ActiveCfg = Release|Any CPU
		{A3D3CDA9-6904-482E-B4BC-075E3AB98D38}.Release|Any CPU.Build.0 = Release|Any CPU
		{AE889B06-8B53-4D9D-A58C-BD8A578C8067}.Debug|Any CPU.ActiveCfg = Debug|Any CPU
		{AE889B06-8B53-4D9D-A58C-BD8A578C8067}.Debug|Any CPU.Build.0 = Debug|Any CPU
		{AE889B06-8B53-4D9D-A58C-BD8A578C8067}.Release|Any CPU.ActiveCfg = Release|Any CPU
		{AE889B06-8B53-4D9D-A58C-BD8A578C8067}.Release|Any CPU.Build.0 = Release|Any CPU
	EndGlobalSection
	GlobalSection(SolutionProperties) = preSolution
		HideSolutionNode = FALSE
	EndGlobalSection
	GlobalSection(ExtensibilityGlobals) = postSolution
		SolutionGuid = {2A57638A-D986-49B6-8AA2-AE1C06F560E7}
	EndGlobalSection
EndGlobal
