
Microsoft Visual Studio Solution File, Format Version 12.00
# Visual Studio Version 17
VisualStudioVersion = 17.1.32210.238
MinimumVisualStudioVersion = 10.0.40219.1
Project("{FAE04EC0-301F-11D3-BF4B-00C04F79EFBC}") = "ConsoleUI", "ConsoleUI\ConsoleUI.csproj", "{AEA5C011-E085-4D19-AA1F-5CE56418C1E2}"
EndProject
Project("{FAE04EC0-301F-11D3-BF4B-00C04F79EFBC}") = "Library", "Library\Library.csproj", "{933C52D2-EBF5-4748-94BA-997BD8C5689B}"
EndProject
Project("{2150E333-8FDC-42A3-9474-1A3956D46DE8}") = "Solution Items", "Solution Items", "{6774CCD5-4301-4599-BEA6-69249DA1E572}"
	ProjectSection(SolutionItems) = preProject
		README.md = README.md
	EndProjectSection
EndProject
Global
	GlobalSection(SolutionConfigurationPlatforms) = preSolution
		Debug|Any CPU = Debug|Any CPU
		Release|Any CPU = Release|Any CPU
	EndGlobalSection
	GlobalSection(ProjectConfigurationPlatforms) = postSolution
		{AEA5C011-E085-4D19-AA1F-5CE56418C1E2}.Debug|Any CPU.ActiveCfg = Debug|Any CPU
		{AEA5C011-E085-4D19-AA1F-5CE56418C1E2}.Debug|Any CPU.Build.0 = Debug|Any CPU
		{AEA5C011-E085-4D19-AA1F-5CE56418C1E2}.Release|Any CPU.ActiveCfg = Release|Any CPU
		{AEA5C011-E085-4D19-AA1F-5CE56418C1E2}.Release|Any CPU.Build.0 = Release|Any CPU
		{933C52D2-EBF5-4748-94BA-997BD8C5689B}.Debug|Any CPU.ActiveCfg = Debug|Any CPU
		{933C52D2-EBF5-4748-94BA-997BD8C5689B}.Debug|Any CPU.Build.0 = Debug|Any CPU
		{933C52D2-EBF5-4748-94BA-997BD8C5689B}.Release|Any CPU.ActiveCfg = Release|Any CPU
		{933C52D2-EBF5-4748-94BA-997BD8C5689B}.Release|Any CPU.Build.0 = Release|Any CPU
	EndGlobalSection
	GlobalSection(SolutionProperties) = preSolution
		HideSolutionNode = FALSE
	EndGlobalSection
	GlobalSection(ExtensibilityGlobals) = postSolution
		SolutionGuid = {70F3EE44-945D-45A3-8EC7-E12579846069}
	EndGlobalSection
EndGlobal
