
Microsoft Visual Studio Solution File, Format Version 12.00
# Visual Studio Version 17
VisualStudioVersion = 17.1.32210.238
MinimumVisualStudioVersion = 10.0.40219.1
Project("{FAE04EC0-301F-11D3-BF4B-00C04F79EFBC}") = "Parte1", "Parte1\Parte1.csproj", "{EF40EB79-670C-4B29-ADB7-556D0665428C}"
EndProject
Project("{FAE04EC0-301F-11D3-BF4B-00C04F79EFBC}") = "Parte2", "Parte2\Parte2.csproj", "{EB18A297-AE7F-4321-93F4-F799563EE388}"
EndProject
Project("{FAE04EC0-301F-11D3-BF4B-00C04F79EFBC}") = "Parte3", "Parte3\Parte3.csproj", "{2FCCF780-CA04-4542-9850-4FBCC08F41B5}"
EndProject
Project("{FAE04EC0-301F-11D3-BF4B-00C04F79EFBC}") = "SubQuery", "SubQuery\SubQuery.csproj", "{97792B29-082F-4761-B266-4B05445CBDD5}"
EndProject
Project("{FAE04EC0-301F-11D3-BF4B-00C04F79EFBC}") = "Operadores", "Operadores\Operadores.csproj", "{6D9B9EAB-7073-49EC-A574-5C6F2F5A7F75}"
EndProject
Project("{FAE04EC0-301F-11D3-BF4B-00C04F79EFBC}") = "XML", "XML\XML.csproj", "{7BE6D032-1847-48FA-A092-EE1F1BDCFB5A}"
EndProject
Project("{FAE04EC0-301F-11D3-BF4B-00C04F79EFBC}") = "Winforms", "Winforms\Winforms.csproj", "{3FF1B57D-B99A-4458-A10B-53EC4757C87C}"
EndProject
Global
	GlobalSection(SolutionConfigurationPlatforms) = preSolution
		Debug|Any CPU = Debug|Any CPU
		Release|Any CPU = Release|Any CPU
	EndGlobalSection
	GlobalSection(ProjectConfigurationPlatforms) = postSolution
		{EF40EB79-670C-4B29-ADB7-556D0665428C}.Debug|Any CPU.ActiveCfg = Debug|Any CPU
		{EF40EB79-670C-4B29-ADB7-556D0665428C}.Debug|Any CPU.Build.0 = Debug|Any CPU
		{EF40EB79-670C-4B29-ADB7-556D0665428C}.Release|Any CPU.ActiveCfg = Release|Any CPU
		{EF40EB79-670C-4B29-ADB7-556D0665428C}.Release|Any CPU.Build.0 = Release|Any CPU
		{EB18A297-AE7F-4321-93F4-F799563EE388}.Debug|Any CPU.ActiveCfg = Debug|Any CPU
		{EB18A297-AE7F-4321-93F4-F799563EE388}.Debug|Any CPU.Build.0 = Debug|Any CPU
		{EB18A297-AE7F-4321-93F4-F799563EE388}.Release|Any CPU.ActiveCfg = Release|Any CPU
		{EB18A297-AE7F-4321-93F4-F799563EE388}.Release|Any CPU.Build.0 = Release|Any CPU
		{2FCCF780-CA04-4542-9850-4FBCC08F41B5}.Debug|Any CPU.ActiveCfg = Debug|Any CPU
		{2FCCF780-CA04-4542-9850-4FBCC08F41B5}.Debug|Any CPU.Build.0 = Debug|Any CPU
		{2FCCF780-CA04-4542-9850-4FBCC08F41B5}.Release|Any CPU.ActiveCfg = Release|Any CPU
		{2FCCF780-CA04-4542-9850-4FBCC08F41B5}.Release|Any CPU.Build.0 = Release|Any CPU
		{97792B29-082F-4761-B266-4B05445CBDD5}.Debug|Any CPU.ActiveCfg = Debug|Any CPU
		{97792B29-082F-4761-B266-4B05445CBDD5}.Debug|Any CPU.Build.0 = Debug|Any CPU
		{97792B29-082F-4761-B266-4B05445CBDD5}.Release|Any CPU.ActiveCfg = Release|Any CPU
		{97792B29-082F-4761-B266-4B05445CBDD5}.Release|Any CPU.Build.0 = Release|Any CPU
		{6D9B9EAB-7073-49EC-A574-5C6F2F5A7F75}.Debug|Any CPU.ActiveCfg = Debug|Any CPU
		{6D9B9EAB-7073-49EC-A574-5C6F2F5A7F75}.Debug|Any CPU.Build.0 = Debug|Any CPU
		{6D9B9EAB-7073-49EC-A574-5C6F2F5A7F75}.Release|Any CPU.ActiveCfg = Release|Any CPU
		{6D9B9EAB-7073-49EC-A574-5C6F2F5A7F75}.Release|Any CPU.Build.0 = Release|Any CPU
		{7BE6D032-1847-48FA-A092-EE1F1BDCFB5A}.Debug|Any CPU.ActiveCfg = Debug|Any CPU
		{7BE6D032-1847-48FA-A092-EE1F1BDCFB5A}.Debug|Any CPU.Build.0 = Debug|Any CPU
		{7BE6D032-1847-48FA-A092-EE1F1BDCFB5A}.Release|Any CPU.ActiveCfg = Release|Any CPU
		{7BE6D032-1847-48FA-A092-EE1F1BDCFB5A}.Release|Any CPU.Build.0 = Release|Any CPU
		{3FF1B57D-B99A-4458-A10B-53EC4757C87C}.Debug|Any CPU.ActiveCfg = Debug|Any CPU
		{3FF1B57D-B99A-4458-A10B-53EC4757C87C}.Debug|Any CPU.Build.0 = Debug|Any CPU
		{3FF1B57D-B99A-4458-A10B-53EC4757C87C}.Release|Any CPU.ActiveCfg = Release|Any CPU
		{3FF1B57D-B99A-4458-A10B-53EC4757C87C}.Release|Any CPU.Build.0 = Release|Any CPU
	EndGlobalSection
	GlobalSection(SolutionProperties) = preSolution
		HideSolutionNode = FALSE
	EndGlobalSection
	GlobalSection(ExtensibilityGlobals) = postSolution
		SolutionGuid = {804D7AB2-95B3-4F5B-8EB5-E0B082764C61}
	EndGlobalSection
EndGlobal
