
Microsoft Visual Studio Solution File, Format Version 12.00
# Visual Studio Version 17
VisualStudioVersion = 17.1.32210.238
MinimumVisualStudioVersion = 10.0.40219.1
Project("{FAE04EC0-301F-11D3-BF4B-00C04F79EFBC}") = "Parte1", "Parte1\Parte1.csproj", "{EF40EB79-670C-4B29-ADB7-556D0665428C}"
EndProject
Project("{FAE04EC0-301F-11D3-BF4B-00C04F79EFBC}") = "Parte2", "Parte2\Parte2.csproj", "{EB18A297-AE7F-4321-93F4-F799563EE388}"
EndProject
Project("{FAE04EC0-301F-11D3-BF4B-00C04F79EFBC}") = "Parte3", "Parte3\Parte3.csproj", "{2FCCF780-CA04-4542-9850-4FBCC08F41B5}"
EndProject
Global
	GlobalSection(SolutionConfigurationPlatforms) = preSolution
		Debug|Any CPU = Debug|Any CPU
		Release|Any CPU = Release|Any CPU
	EndGlobalSection
	GlobalSection(ProjectConfigurationPlatforms) = postSolution
		{EF40EB79-670C-4B29-ADB7-556D0665428C}.Debug|Any CPU.ActiveCfg = Debug|Any CPU
		{EF40EB79-670C-4B29-ADB7-556D0665428C}.Debug|Any CPU.Build.0 = Debug|Any CPU
		{EF40EB79-670C-4B29-ADB7-556D0665428C}.Release|Any CPU.ActiveCfg = Release|Any CPU
		{EF40EB79-670C-4B29-ADB7-556D0665428C}.Release|Any CPU.Build.0 = Release|Any CPU
		{EB18A297-AE7F-4321-93F4-F799563EE388}.Debug|Any CPU.ActiveCfg = Debug|Any CPU
		{EB18A297-AE7F-4321-93F4-F799563EE388}.Debug|Any CPU.Build.0 = Debug|Any CPU
		{EB18A297-AE7F-4321-93F4-F799563EE388}.Release|Any CPU.ActiveCfg = Release|Any CPU
		{EB18A297-AE7F-4321-93F4-F799563EE388}.Release|Any CPU.Build.0 = Release|Any CPU
		{2FCCF780-CA04-4542-9850-4FBCC08F41B5}.Debug|Any CPU.ActiveCfg = Debug|Any CPU
		{2FCCF780-CA04-4542-9850-4FBCC08F41B5}.Debug|Any CPU.Build.0 = Debug|Any CPU
		{2FCCF780-CA04-4542-9850-4FBCC08F41B5}.Release|Any CPU.ActiveCfg = Release|Any CPU
		{2FCCF780-CA04-4542-9850-4FBCC08F41B5}.Release|Any CPU.Build.0 = Release|Any CPU
	EndGlobalSection
	GlobalSection(SolutionProperties) = preSolution
		HideSolutionNode = FALSE
	EndGlobalSection
	GlobalSection(ExtensibilityGlobals) = postSolution
		SolutionGuid = {804D7AB2-95B3-4F5B-8EB5-E0B082764C61}
	EndGlobalSection
EndGlobal
