
Microsoft Visual Studio Solution File, Format Version 12.00
# Visual Studio Version 17
VisualStudioVersion = 17.0.32112.339
MinimumVisualStudioVersion = 10.0.40219.1
Project("{FAE04EC0-301F-11D3-BF4B-00C04F79EFBC}") = "App_Registros", "App_Registros\App_Registros.csproj", "{D5102E34-F3B1-47F6-A1BD-A6D04DEE0D9D}"
EndProject
Project("{FAE04EC0-301F-11D3-BF4B-00C04F79EFBC}") = "ConsultasMVC", "ConsultasMVC\ConsultasMVC.csproj", "{B968B983-E341-4B1A-9319-3AFDDB942781}"
EndProject
Project("{FAE04EC0-301F-11D3-BF4B-00C04F79EFBC}") = "ConsultaMVCWeb", "ConsultaMVCWeb\ConsultaMVCWeb.csproj", "{08A664CE-08B8-41F0-9042-7CD1BC3E4AC7}"
EndProject
Project("{9A19103F-16F7-4668-BE54-9A1E7A4F7556}") = "WinFormsApp", "WinFormsApp\WinFormsApp.csproj", "{97DAE8C9-A793-4AFD-A8C3-78EE233308B6}"
EndProject
Global
	GlobalSection(SolutionConfigurationPlatforms) = preSolution
		Debug|Any CPU = Debug|Any CPU
		Release|Any CPU = Release|Any CPU
	EndGlobalSection
	GlobalSection(ProjectConfigurationPlatforms) = postSolution
		{D5102E34-F3B1-47F6-A1BD-A6D04DEE0D9D}.Debug|Any CPU.ActiveCfg = Debug|Any CPU
		{D5102E34-F3B1-47F6-A1BD-A6D04DEE0D9D}.Debug|Any CPU.Build.0 = Debug|Any CPU
		{D5102E34-F3B1-47F6-A1BD-A6D04DEE0D9D}.Release|Any CPU.ActiveCfg = Release|Any CPU
		{D5102E34-F3B1-47F6-A1BD-A6D04DEE0D9D}.Release|Any CPU.Build.0 = Release|Any CPU
		{B968B983-E341-4B1A-9319-3AFDDB942781}.Debug|Any CPU.ActiveCfg = Debug|Any CPU
		{B968B983-E341-4B1A-9319-3AFDDB942781}.Debug|Any CPU.Build.0 = Debug|Any CPU
		{B968B983-E341-4B1A-9319-3AFDDB942781}.Release|Any CPU.ActiveCfg = Release|Any CPU
		{B968B983-E341-4B1A-9319-3AFDDB942781}.Release|Any CPU.Build.0 = Release|Any CPU
		{08A664CE-08B8-41F0-9042-7CD1BC3E4AC7}.Debug|Any CPU.ActiveCfg = Debug|Any CPU
		{08A664CE-08B8-41F0-9042-7CD1BC3E4AC7}.Debug|Any CPU.Build.0 = Debug|Any CPU
		{08A664CE-08B8-41F0-9042-7CD1BC3E4AC7}.Release|Any CPU.ActiveCfg = Release|Any CPU
		{08A664CE-08B8-41F0-9042-7CD1BC3E4AC7}.Release|Any CPU.Build.0 = Release|Any CPU
		{97DAE8C9-A793-4AFD-A8C3-78EE233308B6}.Debug|Any CPU.ActiveCfg = Debug|Any CPU
		{97DAE8C9-A793-4AFD-A8C3-78EE233308B6}.Debug|Any CPU.Build.0 = Debug|Any CPU
		{97DAE8C9-A793-4AFD-A8C3-78EE233308B6}.Release|Any CPU.ActiveCfg = Release|Any CPU
		{97DAE8C9-A793-4AFD-A8C3-78EE233308B6}.Release|Any CPU.Build.0 = Release|Any CPU
	EndGlobalSection
	GlobalSection(SolutionProperties) = preSolution
		HideSolutionNode = FALSE
	EndGlobalSection
	GlobalSection(ExtensibilityGlobals) = postSolution
		SolutionGuid = {A4CEA0B4-7073-47C6-8CC0-A91D0F8A0014}
	EndGlobalSection
EndGlobal
