
Microsoft Visual Studio Solution File, Format Version 12.00
# Visual Studio Version 17
VisualStudioVersion = 17.2.32616.157
MinimumVisualStudioVersion = 10.0.40219.1
Project("{FAE04EC0-301F-11D3-BF4B-00C04F79EFBC}") = "Step1", "Step1\Step1.csproj", "{8CAE1FF8-5738-4755-9D20-5852C7FCA746}"
EndProject
Global
	GlobalSection(SolutionConfigurationPlatforms) = preSolution
		Debug|Any CPU = Debug|Any CPU
		Release|Any CPU = Release|Any CPU
	EndGlobalSection
	GlobalSection(ProjectConfigurationPlatforms) = postSolution
		{8CAE1FF8-5738-4755-9D20-5852C7FCA746}.Debug|Any CPU.ActiveCfg = Debug|Any CPU
		{8CAE1FF8-5738-4755-9D20-5852C7FCA746}.Debug|Any CPU.Build.0 = Debug|Any CPU
		{8CAE1FF8-5738-4755-9D20-5852C7FCA746}.Release|Any CPU.ActiveCfg = Release|Any CPU
		{8CAE1FF8-5738-4755-9D20-5852C7FCA746}.Release|Any CPU.Build.0 = Release|Any CPU
	EndGlobalSection
	GlobalSection(SolutionProperties) = preSolution
		HideSolutionNode = FALSE
	EndGlobalSection
	GlobalSection(ExtensibilityGlobals) = postSolution
		SolutionGuid = {79DFFE86-D4BA-4F81-B450-D6C0AB670CBD}
	EndGlobalSection
EndGlobal
