
Microsoft Visual Studio Solution File, Format Version 12.00
# Visual Studio Version 16
VisualStudioVersion = 16.0.32228.343
MinimumVisualStudioVersion = 10.0.40219.1
Project("{FAE04EC0-301F-11D3-BF4B-00C04F79EFBC}") = "ToDo.App.Android", "ToDo.App.Android\ToDo.App.Android.csproj", "{E4082BF1-5AD8-47F0-B574-529C6E4A6AF4}"
EndProject
Project("{FAE04EC0-301F-11D3-BF4B-00C04F79EFBC}") = "ToDo.App.iOS", "ToDo.App.iOS\ToDo.App.iOS.csproj", "{74D62790-7232-4B70-A1CC-CEDA3BD201A0}"
EndProject
Project("{FAE04EC0-301F-11D3-BF4B-00C04F79EFBC}") = "ToDo.App", "ToDo.App\ToDo.App.csproj", "{CDF63C86-D876-4027-BD0D-34F4D25ADCB9}"
EndProject
Global
	GlobalSection(SolutionConfigurationPlatforms) = preSolution
		Debug|Any CPU = Debug|Any CPU
		Debug|iPhone = Debug|iPhone
		Debug|iPhoneSimulator = Debug|iPhoneSimulator
		Release|Any CPU = Release|Any CPU
		Release|iPhone = Release|iPhone
		Release|iPhoneSimulator = Release|iPhoneSimulator
	EndGlobalSection
	GlobalSection(ProjectConfigurationPlatforms) = postSolution
		{E4082BF1-5AD8-47F0-B574-529C6E4A6AF4}.Debug|Any CPU.ActiveCfg = Debug|Any CPU
		{E4082BF1-5AD8-47F0-B574-529C6E4A6AF4}.Debug|Any CPU.Build.0 = Debug|Any CPU
		{E4082BF1-5AD8-47F0-B574-529C6E4A6AF4}.Debug|Any CPU.Deploy.0 = Debug|Any CPU
		{E4082BF1-5AD8-47F0-B574-529C6E4A6AF4}.Debug|iPhone.ActiveCfg = Debug|Any CPU
		{E4082BF1-5AD8-47F0-B574-529C6E4A6AF4}.Debug|iPhone.Build.0 = Debug|Any CPU
		{E4082BF1-5AD8-47F0-B574-529C6E4A6AF4}.Debug|iPhone.Deploy.0 = Debug|Any CPU
		{E4082BF1-5AD8-47F0-B574-529C6E4A6AF4}.Debug|iPhoneSimulator.ActiveCfg = Debug|Any CPU
		{E4082BF1-5AD8-47F0-B574-529C6E4A6AF4}.Debug|iPhoneSimulator.Build.0 = Debug|Any CPU
		{E4082BF1-5AD8-47F0-B574-529C6E4A6AF4}.Debug|iPhoneSimulator.Deploy.0 = Debug|Any CPU
		{E4082BF1-5AD8-47F0-B574-529C6E4A6AF4}.Release|Any CPU.ActiveCfg = Release|Any CPU
		{E4082BF1-5AD8-47F0-B574-529C6E4A6AF4}.Release|Any CPU.Build.0 = Release|Any CPU
		{E4082BF1-5AD8-47F0-B574-529C6E4A6AF4}.Release|Any CPU.Deploy.0 = Release|Any CPU
		{E4082BF1-5AD8-47F0-B574-529C6E4A6AF4}.Release|iPhone.ActiveCfg = Release|Any CPU
		{E4082BF1-5AD8-47F0-B574-529C6E4A6AF4}.Release|iPhone.Build.0 = Release|Any CPU
		{E4082BF1-5AD8-47F0-B574-529C6E4A6AF4}.Release|iPhone.Deploy.0 = Release|Any CPU
		{E4082BF1-5AD8-47F0-B574-529C6E4A6AF4}.Release|iPhoneSimulator.ActiveCfg = Release|Any CPU
		{E4082BF1-5AD8-47F0-B574-529C6E4A6AF4}.Release|iPhoneSimulator.Build.0 = Release|Any CPU
		{E4082BF1-5AD8-47F0-B574-529C6E4A6AF4}.Release|iPhoneSimulator.Deploy.0 = Release|Any CPU
		{74D62790-7232-4B70-A1CC-CEDA3BD201A0}.Debug|Any CPU.ActiveCfg = Debug|iPhone
		{74D62790-7232-4B70-A1CC-CEDA3BD201A0}.Debug|Any CPU.Build.0 = Debug|iPhone
		{74D62790-7232-4B70-A1CC-CEDA3BD201A0}.Debug|Any CPU.Deploy.0 = Debug|iPhone
		{74D62790-7232-4B70-A1CC-CEDA3BD201A0}.Debug|iPhone.ActiveCfg = Debug|iPhone
		{74D62790-7232-4B70-A1CC-CEDA3BD201A0}.Debug|iPhone.Build.0 = Debug|iPhone
		{74D62790-7232-4B70-A1CC-CEDA3BD201A0}.Debug|iPhone.Deploy.0 = Debug|iPhone
		{74D62790-7232-4B70-A1CC-CEDA3BD201A0}.Debug|iPhoneSimulator.ActiveCfg = Debug|iPhoneSimulator
		{74D62790-7232-4B70-A1CC-CEDA3BD201A0}.Debug|iPhoneSimulator.Build.0 = Debug|iPhoneSimulator
		{74D62790-7232-4B70-A1CC-CEDA3BD201A0}.Debug|iPhoneSimulator.Deploy.0 = Debug|iPhoneSimulator
		{74D62790-7232-4B70-A1CC-CEDA3BD201A0}.Release|Any CPU.ActiveCfg = Release|iPhoneSimulator
		{74D62790-7232-4B70-A1CC-CEDA3BD201A0}.Release|Any CPU.Build.0 = Release|iPhoneSimulator
		{74D62790-7232-4B70-A1CC-CEDA3BD201A0}.Release|Any CPU.Deploy.0 = Release|iPhoneSimulator
		{74D62790-7232-4B70-A1CC-CEDA3BD201A0}.Release|iPhone.ActiveCfg = Release|iPhone
		{74D62790-7232-4B70-A1CC-CEDA3BD201A0}.Release|iPhone.Build.0 = Release|iPhone
		{74D62790-7232-4B70-A1CC-CEDA3BD201A0}.Release|iPhone.Deploy.0 = Release|iPhone
		{74D62790-7232-4B70-A1CC-CEDA3BD201A0}.Release|iPhoneSimulator.ActiveCfg = Release|iPhoneSimulator
		{74D62790-7232-4B70-A1CC-CEDA3BD201A0}.Release|iPhoneSimulator.Build.0 = Release|iPhoneSimulator
		{74D62790-7232-4B70-A1CC-CEDA3BD201A0}.Release|iPhoneSimulator.Deploy.0 = Release|iPhoneSimulator
		{CDF63C86-D876-4027-BD0D-34F4D25ADCB9}.Debug|Any CPU.ActiveCfg = Debug|Any CPU
		{CDF63C86-D876-4027-BD0D-34F4D25ADCB9}.Debug|Any CPU.Build.0 = Debug|Any CPU
		{CDF63C86-D876-4027-BD0D-34F4D25ADCB9}.Debug|Any CPU.Deploy.0 = Debug|Any CPU
		{CDF63C86-D876-4027-BD0D-34F4D25ADCB9}.Debug|iPhone.ActiveCfg = Debug|Any CPU
		{CDF63C86-D876-4027-BD0D-34F4D25ADCB9}.Debug|iPhone.Build.0 = Debug|Any CPU
		{CDF63C86-D876-4027-BD0D-34F4D25ADCB9}.Debug|iPhone.Deploy.0 = Debug|Any CPU
		{CDF63C86-D876-4027-BD0D-34F4D25ADCB9}.Debug|iPhoneSimulator.ActiveCfg = Debug|Any CPU
		{CDF63C86-D876-4027-BD0D-34F4D25ADCB9}.Debug|iPhoneSimulator.Build.0 = Debug|Any CPU
		{CDF63C86-D876-4027-BD0D-34F4D25ADCB9}.Debug|iPhoneSimulator.Deploy.0 = Debug|Any CPU
		{CDF63C86-D876-4027-BD0D-34F4D25ADCB9}.Release|Any CPU.ActiveCfg = Release|Any CPU
		{CDF63C86-D876-4027-BD0D-34F4D25ADCB9}.Release|Any CPU.Build.0 = Release|Any CPU
		{CDF63C86-D876-4027-BD0D-34F4D25ADCB9}.Release|Any CPU.Deploy.0 = Release|Any CPU
		{CDF63C86-D876-4027-BD0D-34F4D25ADCB9}.Release|iPhone.ActiveCfg = Release|Any CPU
		{CDF63C86-D876-4027-BD0D-34F4D25ADCB9}.Release|iPhone.Build.0 = Release|Any CPU
		{CDF63C86-D876-4027-BD0D-34F4D25ADCB9}.Release|iPhone.Deploy.0 = Release|Any CPU
		{CDF63C86-D876-4027-BD0D-34F4D25ADCB9}.Release|iPhoneSimulator.ActiveCfg = Release|Any CPU
		{CDF63C86-D876-4027-BD0D-34F4D25ADCB9}.Release|iPhoneSimulator.Build.0 = Release|Any CPU
		{CDF63C86-D876-4027-BD0D-34F4D25ADCB9}.Release|iPhoneSimulator.Deploy.0 = Release|Any CPU
	EndGlobalSection
	GlobalSection(SolutionProperties) = preSolution
		HideSolutionNode = FALSE
	EndGlobalSection
	GlobalSection(ExtensibilityGlobals) = postSolution
		SolutionGuid = {D10CE58E-F128-4E44-9AF6-A02F2C694900}
	EndGlobalSection
EndGlobal
