
Microsoft Visual Studio Solution File, Format Version 12.00
# Visual Studio Version 17
VisualStudioVersion = 17.0.32126.317
MinimumVisualStudioVersion = 10.0.40219.1
Project("{2150E333-8FDC-42A3-9474-1A3956D46DE8}") = "1.Presentation", "1.Presentation", "{F831C717-1192-44CA-A68A-DCC688B78B70}"
EndProject
Project("{2150E333-8FDC-42A3-9474-1A3956D46DE8}") = "2.Domain", "2.Domain", "{F1E425AD-34C7-4B50-ADD8-2D5B7936ABFE}"
EndProject
Project("{2150E333-8FDC-42A3-9474-1A3956D46DE8}") = "3.DataAccess", "3.DataAccess", "{6C5F80B1-4403-4D62-B014-1FE69E468834}"
EndProject
Project("{2150E333-8FDC-42A3-9474-1A3956D46DE8}") = "Desktop", "Desktop", "{90E185CE-4121-4977-8E1F-469C4B4109BF}"
EndProject
Project("{FAE04EC0-301F-11D3-BF4B-00C04F79EFBC}") = "WPF", "WPF\WPF.csproj", "{39206C3C-466A-4CBC-B4A6-B09D8032EBDA}"
EndProject
Project("{FAE04EC0-301F-11D3-BF4B-00C04F79EFBC}") = "FRM", "FRM\FRM.csproj", "{59DD70C4-A6A4-4C24-AB54-220D47A9D67B}"
EndProject
Project("{FAE04EC0-301F-11D3-BF4B-00C04F79EFBC}") = "Domain", "Domain\Domain.csproj", "{F9D6A690-158E-4F82-8681-EFE0F53BEFDA}"
EndProject
Project("{FAE04EC0-301F-11D3-BF4B-00C04F79EFBC}") = "DataAccess", "DataAccess\DataAccess.csproj", "{F1DABA11-DD14-4648-8B12-4AA06890010D}"
EndProject
Global
	GlobalSection(SolutionConfigurationPlatforms) = preSolution
		Debug|Any CPU = Debug|Any CPU
		Debug|ARM = Debug|ARM
		Debug|ARM64 = Debug|ARM64
		Debug|x64 = Debug|x64
		Debug|x86 = Debug|x86
		Release|Any CPU = Release|Any CPU
		Release|ARM = Release|ARM
		Release|ARM64 = Release|ARM64
		Release|x64 = Release|x64
		Release|x86 = Release|x86
	EndGlobalSection
	GlobalSection(ProjectConfigurationPlatforms) = postSolution
		{39206C3C-466A-4CBC-B4A6-B09D8032EBDA}.Debug|Any CPU.ActiveCfg = Debug|Any CPU
		{39206C3C-466A-4CBC-B4A6-B09D8032EBDA}.Debug|Any CPU.Build.0 = Debug|Any CPU
		{39206C3C-466A-4CBC-B4A6-B09D8032EBDA}.Debug|ARM.ActiveCfg = Debug|Any CPU
		{39206C3C-466A-4CBC-B4A6-B09D8032EBDA}.Debug|ARM.Build.0 = Debug|Any CPU
		{39206C3C-466A-4CBC-B4A6-B09D8032EBDA}.Debug|ARM64.ActiveCfg = Debug|Any CPU
		{39206C3C-466A-4CBC-B4A6-B09D8032EBDA}.Debug|ARM64.Build.0 = Debug|Any CPU
		{39206C3C-466A-4CBC-B4A6-B09D8032EBDA}.Debug|x64.ActiveCfg = Debug|Any CPU
		{39206C3C-466A-4CBC-B4A6-B09D8032EBDA}.Debug|x64.Build.0 = Debug|Any CPU
		{39206C3C-466A-4CBC-B4A6-B09D8032EBDA}.Debug|x86.ActiveCfg = Debug|Any CPU
		{39206C3C-466A-4CBC-B4A6-B09D8032EBDA}.Debug|x86.Build.0 = Debug|Any CPU
		{39206C3C-466A-4CBC-B4A6-B09D8032EBDA}.Release|Any CPU.ActiveCfg = Release|Any CPU
		{39206C3C-466A-4CBC-B4A6-B09D8032EBDA}.Release|Any CPU.Build.0 = Release|Any CPU
		{39206C3C-466A-4CBC-B4A6-B09D8032EBDA}.Release|ARM.ActiveCfg = Release|Any CPU
		{39206C3C-466A-4CBC-B4A6-B09D8032EBDA}.Release|ARM.Build.0 = Release|Any CPU
		{39206C3C-466A-4CBC-B4A6-B09D8032EBDA}.Release|ARM64.ActiveCfg = Release|Any CPU
		{39206C3C-466A-4CBC-B4A6-B09D8032EBDA}.Release|ARM64.Build.0 = Release|Any CPU
		{39206C3C-466A-4CBC-B4A6-B09D8032EBDA}.Release|x64.ActiveCfg = Release|Any CPU
		{39206C3C-466A-4CBC-B4A6-B09D8032EBDA}.Release|x64.Build.0 = Release|Any CPU
		{39206C3C-466A-4CBC-B4A6-B09D8032EBDA}.Release|x86.ActiveCfg = Release|Any CPU
		{39206C3C-466A-4CBC-B4A6-B09D8032EBDA}.Release|x86.Build.0 = Release|Any CPU
		{59DD70C4-A6A4-4C24-AB54-220D47A9D67B}.Debug|Any CPU.ActiveCfg = Debug|Any CPU
		{59DD70C4-A6A4-4C24-AB54-220D47A9D67B}.Debug|Any CPU.Build.0 = Debug|Any CPU
		{59DD70C4-A6A4-4C24-AB54-220D47A9D67B}.Debug|ARM.ActiveCfg = Debug|Any CPU
		{59DD70C4-A6A4-4C24-AB54-220D47A9D67B}.Debug|ARM.Build.0 = Debug|Any CPU
		{59DD70C4-A6A4-4C24-AB54-220D47A9D67B}.Debug|ARM64.ActiveCfg = Debug|Any CPU
		{59DD70C4-A6A4-4C24-AB54-220D47A9D67B}.Debug|ARM64.Build.0 = Debug|Any CPU
		{59DD70C4-A6A4-4C24-AB54-220D47A9D67B}.Debug|x64.ActiveCfg = Debug|Any CPU
		{59DD70C4-A6A4-4C24-AB54-220D47A9D67B}.Debug|x64.Build.0 = Debug|Any CPU
		{59DD70C4-A6A4-4C24-AB54-220D47A9D67B}.Debug|x86.ActiveCfg = Debug|Any CPU
		{59DD70C4-A6A4-4C24-AB54-220D47A9D67B}.Debug|x86.Build.0 = Debug|Any CPU
		{59DD70C4-A6A4-4C24-AB54-220D47A9D67B}.Release|Any CPU.ActiveCfg = Release|Any CPU
		{59DD70C4-A6A4-4C24-AB54-220D47A9D67B}.Release|Any CPU.Build.0 = Release|Any CPU
		{59DD70C4-A6A4-4C24-AB54-220D47A9D67B}.Release|ARM.ActiveCfg = Release|Any CPU
		{59DD70C4-A6A4-4C24-AB54-220D47A9D67B}.Release|ARM.Build.0 = Release|Any CPU
		{59DD70C4-A6A4-4C24-AB54-220D47A9D67B}.Release|ARM64.ActiveCfg = Release|Any CPU
		{59DD70C4-A6A4-4C24-AB54-220D47A9D67B}.Release|ARM64.Build.0 = Release|Any CPU
		{59DD70C4-A6A4-4C24-AB54-220D47A9D67B}.Release|x64.ActiveCfg = Release|Any CPU
		{59DD70C4-A6A4-4C24-AB54-220D47A9D67B}.Release|x64.Build.0 = Release|Any CPU
		{59DD70C4-A6A4-4C24-AB54-220D47A9D67B}.Release|x86.ActiveCfg = Release|Any CPU
		{59DD70C4-A6A4-4C24-AB54-220D47A9D67B}.Release|x86.Build.0 = Release|Any CPU
		{F9D6A690-158E-4F82-8681-EFE0F53BEFDA}.Debug|Any CPU.ActiveCfg = Debug|Any CPU
		{F9D6A690-158E-4F82-8681-EFE0F53BEFDA}.Debug|Any CPU.Build.0 = Debug|Any CPU
		{F9D6A690-158E-4F82-8681-EFE0F53BEFDA}.Debug|ARM.ActiveCfg = Debug|Any CPU
		{F9D6A690-158E-4F82-8681-EFE0F53BEFDA}.Debug|ARM.Build.0 = Debug|Any CPU
		{F9D6A690-158E-4F82-8681-EFE0F53BEFDA}.Debug|ARM64.ActiveCfg = Debug|Any CPU
		{F9D6A690-158E-4F82-8681-EFE0F53BEFDA}.Debug|ARM64.Build.0 = Debug|Any CPU
		{F9D6A690-158E-4F82-8681-EFE0F53BEFDA}.Debug|x64.ActiveCfg = Debug|Any CPU
		{F9D6A690-158E-4F82-8681-EFE0F53BEFDA}.Debug|x64.Build.0 = Debug|Any CPU
		{F9D6A690-158E-4F82-8681-EFE0F53BEFDA}.Debug|x86.ActiveCfg = Debug|Any CPU
		{F9D6A690-158E-4F82-8681-EFE0F53BEFDA}.Debug|x86.Build.0 = Debug|Any CPU
		{F9D6A690-158E-4F82-8681-EFE0F53BEFDA}.Release|Any CPU.ActiveCfg = Release|Any CPU
		{F9D6A690-158E-4F82-8681-EFE0F53BEFDA}.Release|Any CPU.Build.0 = Release|Any CPU
		{F9D6A690-158E-4F82-8681-EFE0F53BEFDA}.Release|ARM.ActiveCfg = Release|Any CPU
		{F9D6A690-158E-4F82-8681-EFE0F53BEFDA}.Release|ARM.Build.0 = Release|Any CPU
		{F9D6A690-158E-4F82-8681-EFE0F53BEFDA}.Release|ARM64.ActiveCfg = Release|Any CPU
		{F9D6A690-158E-4F82-8681-EFE0F53BEFDA}.Release|ARM64.Build.0 = Release|Any CPU
		{F9D6A690-158E-4F82-8681-EFE0F53BEFDA}.Release|x64.ActiveCfg = Release|Any CPU
		{F9D6A690-158E-4F82-8681-EFE0F53BEFDA}.Release|x64.Build.0 = Release|Any CPU
		{F9D6A690-158E-4F82-8681-EFE0F53BEFDA}.Release|x86.ActiveCfg = Release|Any CPU
		{F9D6A690-158E-4F82-8681-EFE0F53BEFDA}.Release|x86.Build.0 = Release|Any CPU
		{F1DABA11-DD14-4648-8B12-4AA06890010D}.Debug|Any CPU.ActiveCfg = Debug|Any CPU
		{F1DABA11-DD14-4648-8B12-4AA06890010D}.Debug|Any CPU.Build.0 = Debug|Any CPU
		{F1DABA11-DD14-4648-8B12-4AA06890010D}.Debug|ARM.ActiveCfg = Debug|Any CPU
		{F1DABA11-DD14-4648-8B12-4AA06890010D}.Debug|ARM.Build.0 = Debug|Any CPU
		{F1DABA11-DD14-4648-8B12-4AA06890010D}.Debug|ARM64.ActiveCfg = Debug|Any CPU
		{F1DABA11-DD14-4648-8B12-4AA06890010D}.Debug|ARM64.Build.0 = Debug|Any CPU
		{F1DABA11-DD14-4648-8B12-4AA06890010D}.Debug|x64.ActiveCfg = Debug|Any CPU
		{F1DABA11-DD14-4648-8B12-4AA06890010D}.Debug|x64.Build.0 = Debug|Any CPU
		{F1DABA11-DD14-4648-8B12-4AA06890010D}.Debug|x86.ActiveCfg = Debug|Any CPU
		{F1DABA11-DD14-4648-8B12-4AA06890010D}.Debug|x86.Build.0 = Debug|Any CPU
		{F1DABA11-DD14-4648-8B12-4AA06890010D}.Release|Any CPU.ActiveCfg = Release|Any CPU
		{F1DABA11-DD14-4648-8B12-4AA06890010D}.Release|Any CPU.Build.0 = Release|Any CPU
		{F1DABA11-DD14-4648-8B12-4AA06890010D}.Release|ARM.ActiveCfg = Release|Any CPU
		{F1DABA11-DD14-4648-8B12-4AA06890010D}.Release|ARM.Build.0 = Release|Any CPU
		{F1DABA11-DD14-4648-8B12-4AA06890010D}.Release|ARM64.ActiveCfg = Release|Any CPU
		{F1DABA11-DD14-4648-8B12-4AA06890010D}.Release|ARM64.Build.0 = Release|Any CPU
		{F1DABA11-DD14-4648-8B12-4AA06890010D}.Release|x64.ActiveCfg = Release|Any CPU
		{F1DABA11-DD14-4648-8B12-4AA06890010D}.Release|x64.Build.0 = Release|Any CPU
		{F1DABA11-DD14-4648-8B12-4AA06890010D}.Release|x86.ActiveCfg = Release|Any CPU
		{F1DABA11-DD14-4648-8B12-4AA06890010D}.Release|x86.Build.0 = Release|Any CPU
	EndGlobalSection
	GlobalSection(SolutionProperties) = preSolution
		HideSolutionNode = FALSE
	EndGlobalSection
	GlobalSection(NestedProjects) = preSolution
		{90E185CE-4121-4977-8E1F-469C4B4109BF} = {F831C717-1192-44CA-A68A-DCC688B78B70}
		{39206C3C-466A-4CBC-B4A6-B09D8032EBDA} = {90E185CE-4121-4977-8E1F-469C4B4109BF}
		{59DD70C4-A6A4-4C24-AB54-220D47A9D67B} = {90E185CE-4121-4977-8E1F-469C4B4109BF}
		{F9D6A690-158E-4F82-8681-EFE0F53BEFDA} = {F1E425AD-34C7-4B50-ADD8-2D5B7936ABFE}
		{F1DABA11-DD14-4648-8B12-4AA06890010D} = {6C5F80B1-4403-4D62-B014-1FE69E468834}
	EndGlobalSection
	GlobalSection(ExtensibilityGlobals) = postSolution
		SolutionGuid = {D7F9928C-84CA-40D9-B063-FCBF9AD219BB}
	EndGlobalSection
EndGlobal
