
Microsoft Visual Studio Solution File, Format Version 12.00
# Visual Studio Version 17
VisualStudioVersion = 17.1.32210.238
MinimumVisualStudioVersion = 10.0.40219.1
Project("{FAE04EC0-301F-11D3-BF4B-00C04F79EFBC}") = "Example 1", "Example 1\Example 1.csproj", "{30757F4F-952A-4DAF-8022-6813AFD065B3}"
EndProject
Project("{2150E333-8FDC-42A3-9474-1A3956D46DE8}") = "Solution Items", "Solution Items", "{DD448880-422B-44EC-A7DD-310ECD277E31}"
	ProjectSection(SolutionItems) = preProject
		.editorconfig = .editorconfig
	EndProjectSection
EndProject
Project("{FAE04EC0-301F-11D3-BF4B-00C04F79EFBC}") = "Example 2", "Example 2\Example 2.csproj", "{9809AA7D-882E-4713-9BB9-86DDB231A7E2}"
EndProject
Project("{FAE04EC0-301F-11D3-BF4B-00C04F79EFBC}") = "Example 3", "Example 3\Example 3.csproj", "{630AB428-1D95-4C03-973B-4C92869D05DE}"
EndProject
Global
	GlobalSection(SolutionConfigurationPlatforms) = preSolution
		Debug|Any CPU = Debug|Any CPU
		Release|Any CPU = Release|Any CPU
	EndGlobalSection
	GlobalSection(ProjectConfigurationPlatforms) = postSolution
		{30757F4F-952A-4DAF-8022-6813AFD065B3}.Debug|Any CPU.ActiveCfg = Debug|Any CPU
		{30757F4F-952A-4DAF-8022-6813AFD065B3}.Debug|Any CPU.Build.0 = Debug|Any CPU
		{30757F4F-952A-4DAF-8022-6813AFD065B3}.Release|Any CPU.ActiveCfg = Release|Any CPU
		{30757F4F-952A-4DAF-8022-6813AFD065B3}.Release|Any CPU.Build.0 = Release|Any CPU
		{9809AA7D-882E-4713-9BB9-86DDB231A7E2}.Debug|Any CPU.ActiveCfg = Debug|Any CPU
		{9809AA7D-882E-4713-9BB9-86DDB231A7E2}.Debug|Any CPU.Build.0 = Debug|Any CPU
		{9809AA7D-882E-4713-9BB9-86DDB231A7E2}.Release|Any CPU.ActiveCfg = Release|Any CPU
		{9809AA7D-882E-4713-9BB9-86DDB231A7E2}.Release|Any CPU.Build.0 = Release|Any CPU
		{630AB428-1D95-4C03-973B-4C92869D05DE}.Debug|Any CPU.ActiveCfg = Debug|Any CPU
		{630AB428-1D95-4C03-973B-4C92869D05DE}.Debug|Any CPU.Build.0 = Debug|Any CPU
		{630AB428-1D95-4C03-973B-4C92869D05DE}.Release|Any CPU.ActiveCfg = Release|Any CPU
		{630AB428-1D95-4C03-973B-4C92869D05DE}.Release|Any CPU.Build.0 = Release|Any CPU
	EndGlobalSection
	GlobalSection(SolutionProperties) = preSolution
		HideSolutionNode = FALSE
	EndGlobalSection
	GlobalSection(ExtensibilityGlobals) = postSolution
		SolutionGuid = {212D27AF-EE87-4C03-AEB3-024EB81A34A2}
	EndGlobalSection
EndGlobal
