
Microsoft Visual Studio Solution File, Format Version 12.00
# Visual Studio Version 17
VisualStudioVersion = 17.1.32210.238
MinimumVisualStudioVersion = 10.0.40219.1
Project("{FAE04EC0-301F-11D3-BF4B-00C04F79EFBC}") = "ConsoleUI", "ConsoleUI\ConsoleUI.csproj", "{6E14186C-F12A-4834-AFBF-C993855C1D2F}"
EndProject
Project("{FAE04EC0-301F-11D3-BF4B-00C04F79EFBC}") = "DemoLibrary", "DemoLibrary\DemoLibrary.csproj", "{8CD4DE53-2DE3-46B7-A913-0D7AC849DDB5}"
EndProject
Global
	GlobalSection(SolutionConfigurationPlatforms) = preSolution
		Debug|Any CPU = Debug|Any CPU
		Release|Any CPU = Release|Any CPU
	EndGlobalSection
	GlobalSection(ProjectConfigurationPlatforms) = postSolution
		{6E14186C-F12A-4834-AFBF-C993855C1D2F}.Debug|Any CPU.ActiveCfg = Debug|Any CPU
		{6E14186C-F12A-4834-AFBF-C993855C1D2F}.Debug|Any CPU.Build.0 = Debug|Any CPU
		{6E14186C-F12A-4834-AFBF-C993855C1D2F}.Release|Any CPU.ActiveCfg = Release|Any CPU
		{6E14186C-F12A-4834-AFBF-C993855C1D2F}.Release|Any CPU.Build.0 = Release|Any CPU
		{8CD4DE53-2DE3-46B7-A913-0D7AC849DDB5}.Debug|Any CPU.ActiveCfg = Debug|Any CPU
		{8CD4DE53-2DE3-46B7-A913-0D7AC849DDB5}.Debug|Any CPU.Build.0 = Debug|Any CPU
		{8CD4DE53-2DE3-46B7-A913-0D7AC849DDB5}.Release|Any CPU.ActiveCfg = Release|Any CPU
		{8CD4DE53-2DE3-46B7-A913-0D7AC849DDB5}.Release|Any CPU.Build.0 = Release|Any CPU
	EndGlobalSection
	GlobalSection(SolutionProperties) = preSolution
		HideSolutionNode = FALSE
	EndGlobalSection
	GlobalSection(ExtensibilityGlobals) = postSolution
		SolutionGuid = {B1730FDA-EDC6-4F2C-AFEC-CC335B8F17DB}
	EndGlobalSection
EndGlobal
