
Microsoft Visual Studio Solution File, Format Version 12.00
# Visual Studio Version 17
VisualStudioVersion = 17.1.32210.238
MinimumVisualStudioVersion = 10.0.40219.1
Project("{FAE04EC0-301F-11D3-BF4B-00C04F79EFBC}") = "Events Using EventArgs Class", "Events Using EventArgs Class.csproj", "{9CE8EDA2-BDF2-4E66-AD1B-E97EB2DF0521}"
EndProject
Global
	GlobalSection(SolutionConfigurationPlatforms) = preSolution
		Debug|Any CPU = Debug|Any CPU
		Release|Any CPU = Release|Any CPU
	EndGlobalSection
	GlobalSection(ProjectConfigurationPlatforms) = postSolution
		{9CE8EDA2-BDF2-4E66-AD1B-E97EB2DF0521}.Debug|Any CPU.ActiveCfg = Debug|Any CPU
		{9CE8EDA2-BDF2-4E66-AD1B-E97EB2DF0521}.Debug|Any CPU.Build.0 = Debug|Any CPU
		{9CE8EDA2-BDF2-4E66-AD1B-E97EB2DF0521}.Release|Any CPU.ActiveCfg = Release|Any CPU
		{9CE8EDA2-BDF2-4E66-AD1B-E97EB2DF0521}.Release|Any CPU.Build.0 = Release|Any CPU
	EndGlobalSection
	GlobalSection(SolutionProperties) = preSolution
		HideSolutionNode = FALSE
	EndGlobalSection
	GlobalSection(ExtensibilityGlobals) = postSolution
		SolutionGuid = {700677F9-DC8F-4BA4-A1DB-5237D4CBED93}
	EndGlobalSection
EndGlobal
